
Microsoft Visual Studio Solution File, Format Version 12.00
# Visual Studio Version 17
VisualStudioVersion = 17.3.32825.248
MinimumVisualStudioVersion = 10.0.40219.1
Project("{8BC9CEB8-8B4A-11D0-8D11-00A0C91BC942}") = "Yu-Gi-Oh_Loader", "Yu-Gi-Oh_Loader\Yu-Gi-Oh_Loader.vcxproj", "{4B364AFE-FDBF-4FDC-94A2-638A441E3536}"
	ProjectSection(ProjectDependencies) = postProject
		{0708BF34-814F-4FD9-9AFD-98A6FC89D42E} = {0708BF34-814F-4FD9-9AFD-98A6FC89D42E}
		{0B9C49B7-28C8-4DAE-8477-43629ECB6BE7} = {0B9C49B7-28C8-4DAE-8477-43629ECB6BE7}
		{31DBD1DB-312C-45CA-A577-606690B37E91} = {31DBD1DB-312C-45CA-A577-606690B37E91}
		{384CB7B4-4A62-4E38-A635-FEF9F2EF12B2} = {384CB7B4-4A62-4E38-A635-FEF9F2EF12B2}
		{4C73D0C2-F571-4A34-9067-406B6F0C21D8} = {4C73D0C2-F571-4A34-9067-406B6F0C21D8}
		{7E8AA9B0-3CB6-44C0-B424-6CABA0BA4EC7} = {7E8AA9B0-3CB6-44C0-B424-6CABA0BA4EC7}
		{85D015B8-71A0-4323-AB48-92785DEA59FC} = {85D015B8-71A0-4323-AB48-92785DEA59FC}
		{9AA61EAD-BC66-4CBE-BBDB-A1F8B272DEA3} = {9AA61EAD-BC66-4CBE-BBDB-A1F8B272DEA3}
		{B4668DA2-4645-46D8-8FE3-71E4B80E93AA} = {B4668DA2-4645-46D8-8FE3-71E4B80E93AA}
	EndProjectSection
EndProject
Project("{9A19103F-16F7-4668-BE54-9A1E7A4F7556}") = "WolfX", "Tools\WolfX\WolfX.csproj", "{F2BD313D-D540-4511-81BC-801C86196BBD}"
	ProjectSection(ProjectDependencies) = postProject
		{AC097FD4-BE2E-4DF1-BD05-35A3A8F87AED} = {AC097FD4-BE2E-4DF1-BD05-35A3A8F87AED}
	EndProjectSection
EndProject
Project("{9A19103F-16F7-4668-BE54-9A1E7A4F7556}") = "Yami-Yugi", "Tools\Yami-Yugi\Yami-Yugi.csproj", "{AC1D4F98-BB29-48D2-B8BB-4EC1F60B13A3}"
EndProject
Project("{2150E333-8FDC-42A3-9474-1A3956D46DE8}") = "File Handler Programs", "File Handler Programs", "{A3EEF00F-6B23-4623-8595-A1A109282E11}"
EndProject
Project("{2150E333-8FDC-42A3-9474-1A3956D46DE8}") = "File Type Libraries", "File Type Libraries", "{86F9C68B-A918-4873-80B7-973EF0409F97}"
EndProject
Project("{FAE04EC0-301F-11D3-BF4B-00C04F79EFBC}") = "Dfymoo", "File Type Libraries\Dfymoo\Dfymoo.csproj", "{64517912-3F87-47D2-8291-5439DA64DA70}"
EndProject
Project("{2150E333-8FDC-42A3-9474-1A3956D46DE8}") = "Yu-Gi-Oh_Loader Plugins", "Yu-Gi-Oh_Loader Plugins", "{D9DDC52C-CD3C-4D3E-9A8A-B4BD51B6D918}"
EndProject
Project("{2150E333-8FDC-42A3-9474-1A3956D46DE8}") = "Yu-Gi-Oh-GUI Plugins", "Yu-Gi-Oh-GUI Plugins", "{56E62AD0-F48D-40DA-95F2-076353DEB4F8}"
EndProject
Project("{FAE04EC0-301F-11D3-BF4B-00C04F79EFBC}") = "Animlist", "File Type Libraries\Animslist\Animlist.csproj", "{BCEA874B-8F16-42F4-8E18-0207FF58330B}"
EndProject
Project("{FAE04EC0-301F-11D3-BF4B-00C04F79EFBC}") = "ZIB", "File Type Libraries\ZIB\ZIB.csproj", "{96141702-A75C-4380-A46C-6C950AD696F8}"
EndProject
Project("{FAE04EC0-301F-11D3-BF4B-00C04F79EFBC}") = "BND", "File Type Libraries\BND\BND.csproj", "{08CB208D-8718-459D-A139-6ED1D387D1FE}"
EndProject
Project("{FAE04EC0-301F-11D3-BF4B-00C04F79EFBC}") = "YDC", "File Type Libraries\YDC\YDC.csproj", "{F47A95F5-0E08-4B41-9852-8AB0A87ACCE3}"
EndProject
Project("{FAE04EC0-301F-11D3-BF4B-00C04F79EFBC}") = "CRED", "File Type Libraries\CRED\CRED.csproj", "{DEC27DDC-0842-4861-A820-E483482C662D}"
EndProject
Project("{8BC9CEB8-8B4A-11D0-8D11-00A0C91BC942}") = "Yu-Gi-Oh-SpeedHacks", "Yu-Gi-Oh-GUI Plugins\Yu-Gi-Oh-SpeedHacks\Yu-Gi-Oh-SpeedHacks.vcxproj", "{4C73D0C2-F571-4A34-9067-406B6F0C21D8}"
EndProject
Project("{8BC9CEB8-8B4A-11D0-8D11-00A0C91BC942}") = "Yu-Gi-Oh-Console", "Yu-Gi-Oh_Loader Plugins\Yu-Gi-Oh-Console\Yu-Gi-Oh-Console.vcxproj", "{0708BF34-814F-4FD9-9AFD-98A6FC89D42E}"
EndProject
Project("{8BC9CEB8-8B4A-11D0-8D11-00A0C91BC942}") = "Yu-Gi-Oh-GUI", "Yu-Gi-Oh_Loader Plugins\Yu-Gi-Oh-GUI\Yu-Gi-Oh-GUI.vcxproj", "{85D015B8-71A0-4323-AB48-92785DEA59FC}"
EndProject
Project("{8BC9CEB8-8B4A-11D0-8D11-00A0C91BC942}") = "Yu-Gi-Oh-PatchMeOut", "Yu-Gi-Oh_Loader Plugins\Yu-Gi-Oh-PatchMeOut\Yu-Gi-Oh-PatchMeOut.vcxproj", "{0B9C49B7-28C8-4DAE-8477-43629ECB6BE7}"
EndProject
Project("{8BC9CEB8-8B4A-11D0-8D11-00A0C91BC942}") = "Yu-Gi-Oh-Effects", "Yu-Gi-Oh_Loader Plugins\Yu-Gi-Oh-Effects\Yu-Gi-Oh-Effects.vcxproj", "{7E8AA9B0-3CB6-44C0-B424-6CABA0BA4EC7}"
EndProject
Project("{8BC9CEB8-8B4A-11D0-8D11-00A0C91BC942}") = "Yu-Gi-Oh-Tracer", "Yu-Gi-Oh_Loader Plugins\Yu-Gi-Oh-Tracer\Yu-Gi-Oh-Tracer.vcxproj", "{9AA61EAD-BC66-4CBE-BBDB-A1F8B272DEA3}"
EndProject
Project("{8BC9CEB8-8B4A-11D0-8D11-00A0C91BC942}") = "Yu-Gi-Oh-BetterCardShop", "Yu-Gi-Oh-GUI Plugins\Yu-Gi-Oh-BetterCardShop\Yu-Gi-Oh-BetterCardShop.vcxproj", "{384CB7B4-4A62-4E38-A635-FEF9F2EF12B2}"
EndProject
Project("{8BC9CEB8-8B4A-11D0-8D11-00A0C91BC942}") = "Yu-Gi-Oh-BetterLoad", "Yu-Gi-Oh_Loader Plugins\Yu-Gi-Oh-BetterLoad\Yu-Gi-Oh-BetterLoad.vcxproj", "{B4668DA2-4645-46D8-8FE3-71E4B80E93AA}"
EndProject
Project("{2150E333-8FDC-42A3-9474-1A3956D46DE8}") = "Solution Items", "Solution Items", "{FF309401-FB13-458D-9DC1-729E095133BA}"
	ProjectSection(SolutionItems) = preProject
		.gitignore = .gitignore
		README.md = README.md
	EndProjectSection
EndProject
Project("{8BC9CEB8-8B4A-11D0-8D11-00A0C91BC942}") = "Yu-Gi-Oh-MoreCards", "Yu-Gi-Oh_Loader Plugins\Yu-Gi-Oh-Cards\Yu-Gi-Oh-Cards.vcxproj", "{31DBD1DB-312C-45CA-A577-606690B37E91}"
EndProject
Project("{FAE04EC0-301F-11D3-BF4B-00C04F79EFBC}") = "PDLimits", "File Type Libraries\PDLimits\PDLimits.csproj", "{AC097FD4-BE2E-4DF1-BD05-35A3A8F87AED}"
EndProject
Project("{FAE04EC0-301F-11D3-BF4B-00C04F79EFBC}") = "PackData", "File Type Libraries\Packdefdata\PackData.csproj", "{0C4FD14A-D035-483B-8AC6-6098D9C953A5}"
EndProject
Project("{FAE04EC0-301F-11D3-BF4B-00C04F79EFBC}") = "CARD_Same.bin", "File Type Libraries\CARD_Same.bin\CARD_Same.bin.csproj", "{8DE2801B-BE40-963B-114B-4AFC35B22FC9}"
EndProject
Project("{FAE04EC0-301F-11D3-BF4B-00C04F79EFBC}") = "CARD_Named.bin", "File Type Libraries\CARD_Named.bin\CARD_Named.bin.csproj", "{C0E4C671-9C1A-4196-A92F-122D54E191E6}"
EndProject
Project("{FAE04EC0-301F-11D3-BF4B-00C04F79EFBC}") = "CARD_Props", "File Type Libraries\CARD_Props\CARD_Props.csproj", "{EDD54361-39A9-2952-0D83-8BCFA75BC668}"
EndProject
Project("{FAE04EC0-301F-11D3-BF4B-00C04F79EFBC}") = "CARD_Pass.bin", "File Type Libraries\CARD_Pass\CARD_Pass.bin.csproj", "{3A3E7E8D-39EF-4CB7-9F0C-11720BBDFD5F}"
EndProject
Project("{FAE04EC0-301F-11D3-BF4B-00C04F79EFBC}") = "CARD_Kana.bin", "File Type Libraries\CARD_Kana.bin\CARD_Kana.bin.csproj", "{37B4DBEE-AAEC-D233-52F3-B7B327C5B42B}"
EndProject
Project("{FAE04EC0-301F-11D3-BF4B-00C04F79EFBC}") = "CARD_PackIDbin", "File Type Libraries\CARD_PackID,.bin\CARD_PackIDbin.csproj", "{DB556419-F7ED-41C4-A63E-848185DDBF53}"
EndProject
Project("{FAE04EC0-301F-11D3-BF4B-00C04F79EFBC}") = "savegame", "File Type Libraries\savegame\savegame.csproj", "{9C0DC118-06BA-48CB-8E32-D8A5CB98E1C3}"
EndProject
Global
	GlobalSection(SolutionConfigurationPlatforms) = preSolution
		Debug|_AMD64 = Debug|_AMD64
		Debug|Any CPU = Debug|Any CPU
		Debug|x64 = Debug|x64
		Debug|x86 = Debug|x86
		Release|_AMD64 = Release|_AMD64
		Release|Any CPU = Release|Any CPU
		Release|x64 = Release|x64
		Release|x86 = Release|x86
	EndGlobalSection
	GlobalSection(ProjectConfigurationPlatforms) = postSolution
		{4B364AFE-FDBF-4FDC-94A2-638A441E3536}.Debug|_AMD64.ActiveCfg = Debug|x64
		{4B364AFE-FDBF-4FDC-94A2-638A441E3536}.Debug|_AMD64.Build.0 = Debug|x64
		{4B364AFE-FDBF-4FDC-94A2-638A441E3536}.Debug|Any CPU.ActiveCfg = Debug|x64
		{4B364AFE-FDBF-4FDC-94A2-638A441E3536}.Debug|Any CPU.Build.0 = Debug|x64
		{4B364AFE-FDBF-4FDC-94A2-638A441E3536}.Debug|x64.ActiveCfg = Debug|x64
		{4B364AFE-FDBF-4FDC-94A2-638A441E3536}.Debug|x64.Build.0 = Debug|x64
		{4B364AFE-FDBF-4FDC-94A2-638A441E3536}.Debug|x86.ActiveCfg = Debug|x64
		{4B364AFE-FDBF-4FDC-94A2-638A441E3536}.Debug|x86.Build.0 = Debug|x64
		{4B364AFE-FDBF-4FDC-94A2-638A441E3536}.Release|_AMD64.ActiveCfg = Release|x64
		{4B364AFE-FDBF-4FDC-94A2-638A441E3536}.Release|_AMD64.Build.0 = Release|x64
		{4B364AFE-FDBF-4FDC-94A2-638A441E3536}.Release|Any CPU.ActiveCfg = Release|x64
		{4B364AFE-FDBF-4FDC-94A2-638A441E3536}.Release|Any CPU.Build.0 = Release|x64
		{4B364AFE-FDBF-4FDC-94A2-638A441E3536}.Release|x64.ActiveCfg = Release|x64
		{4B364AFE-FDBF-4FDC-94A2-638A441E3536}.Release|x64.Build.0 = Release|x64
		{4B364AFE-FDBF-4FDC-94A2-638A441E3536}.Release|x86.ActiveCfg = Release|x64
		{4B364AFE-FDBF-4FDC-94A2-638A441E3536}.Release|x86.Build.0 = Release|x64
		{F2BD313D-D540-4511-81BC-801C86196BBD}.Debug|_AMD64.ActiveCfg = Debug|Any CPU
		{F2BD313D-D540-4511-81BC-801C86196BBD}.Debug|_AMD64.Build.0 = Debug|Any CPU
		{F2BD313D-D540-4511-81BC-801C86196BBD}.Debug|Any CPU.ActiveCfg = Debug|Any CPU
		{F2BD313D-D540-4511-81BC-801C86196BBD}.Debug|Any CPU.Build.0 = Debug|Any CPU
		{F2BD313D-D540-4511-81BC-801C86196BBD}.Debug|x64.ActiveCfg = Debug|Any CPU
		{F2BD313D-D540-4511-81BC-801C86196BBD}.Debug|x64.Build.0 = Debug|Any CPU
		{F2BD313D-D540-4511-81BC-801C86196BBD}.Debug|x86.ActiveCfg = Debug|Any CPU
		{F2BD313D-D540-4511-81BC-801C86196BBD}.Debug|x86.Build.0 = Debug|Any CPU
		{F2BD313D-D540-4511-81BC-801C86196BBD}.Release|_AMD64.ActiveCfg = Release|Any CPU
		{F2BD313D-D540-4511-81BC-801C86196BBD}.Release|_AMD64.Build.0 = Release|Any CPU
		{F2BD313D-D540-4511-81BC-801C86196BBD}.Release|Any CPU.ActiveCfg = Release|Any CPU
		{F2BD313D-D540-4511-81BC-801C86196BBD}.Release|Any CPU.Build.0 = Release|Any CPU
		{F2BD313D-D540-4511-81BC-801C86196BBD}.Release|x64.ActiveCfg = Release|Any CPU
		{F2BD313D-D540-4511-81BC-801C86196BBD}.Release|x64.Build.0 = Release|Any CPU
		{F2BD313D-D540-4511-81BC-801C86196BBD}.Release|x86.ActiveCfg = Release|Any CPU
		{F2BD313D-D540-4511-81BC-801C86196BBD}.Release|x86.Build.0 = Release|Any CPU
		{AC1D4F98-BB29-48D2-B8BB-4EC1F60B13A3}.Debug|_AMD64.ActiveCfg = Debug|x64
		{AC1D4F98-BB29-48D2-B8BB-4EC1F60B13A3}.Debug|_AMD64.Build.0 = Debug|x64
		{AC1D4F98-BB29-48D2-B8BB-4EC1F60B13A3}.Debug|Any CPU.ActiveCfg = Debug|x64
		{AC1D4F98-BB29-48D2-B8BB-4EC1F60B13A3}.Debug|Any CPU.Build.0 = Debug|x64
		{AC1D4F98-BB29-48D2-B8BB-4EC1F60B13A3}.Debug|x64.ActiveCfg = Debug|x64
		{AC1D4F98-BB29-48D2-B8BB-4EC1F60B13A3}.Debug|x64.Build.0 = Debug|x64
		{AC1D4F98-BB29-48D2-B8BB-4EC1F60B13A3}.Debug|x86.ActiveCfg = Debug|x64
		{AC1D4F98-BB29-48D2-B8BB-4EC1F60B13A3}.Debug|x86.Build.0 = Debug|x64
		{AC1D4F98-BB29-48D2-B8BB-4EC1F60B13A3}.Release|_AMD64.ActiveCfg = Release|x64
		{AC1D4F98-BB29-48D2-B8BB-4EC1F60B13A3}.Release|_AMD64.Build.0 = Release|x64
		{AC1D4F98-BB29-48D2-B8BB-4EC1F60B13A3}.Release|Any CPU.ActiveCfg = Release|x64
		{AC1D4F98-BB29-48D2-B8BB-4EC1F60B13A3}.Release|Any CPU.Build.0 = Release|x64
		{AC1D4F98-BB29-48D2-B8BB-4EC1F60B13A3}.Release|x64.ActiveCfg = Release|x64
		{AC1D4F98-BB29-48D2-B8BB-4EC1F60B13A3}.Release|x64.Build.0 = Release|x64
		{AC1D4F98-BB29-48D2-B8BB-4EC1F60B13A3}.Release|x86.ActiveCfg = Release|x64
		{AC1D4F98-BB29-48D2-B8BB-4EC1F60B13A3}.Release|x86.Build.0 = Release|x64
		{64517912-3F87-47D2-8291-5439DA64DA70}.Debug|_AMD64.ActiveCfg = Debug|Any CPU
		{64517912-3F87-47D2-8291-5439DA64DA70}.Debug|_AMD64.Build.0 = Debug|Any CPU
		{64517912-3F87-47D2-8291-5439DA64DA70}.Debug|Any CPU.ActiveCfg = Debug|Any CPU
		{64517912-3F87-47D2-8291-5439DA64DA70}.Debug|Any CPU.Build.0 = Debug|Any CPU
		{64517912-3F87-47D2-8291-5439DA64DA70}.Debug|x64.ActiveCfg = Debug|Any CPU
		{64517912-3F87-47D2-8291-5439DA64DA70}.Debug|x64.Build.0 = Debug|Any CPU
		{64517912-3F87-47D2-8291-5439DA64DA70}.Debug|x86.ActiveCfg = Debug|Any CPU
		{64517912-3F87-47D2-8291-5439DA64DA70}.Debug|x86.Build.0 = Debug|Any CPU
		{64517912-3F87-47D2-8291-5439DA64DA70}.Release|_AMD64.ActiveCfg = Release|Any CPU
		{64517912-3F87-47D2-8291-5439DA64DA70}.Release|_AMD64.Build.0 = Release|Any CPU
		{64517912-3F87-47D2-8291-5439DA64DA70}.Release|Any CPU.ActiveCfg = Release|Any CPU
		{64517912-3F87-47D2-8291-5439DA64DA70}.Release|Any CPU.Build.0 = Release|Any CPU
		{64517912-3F87-47D2-8291-5439DA64DA70}.Release|x64.ActiveCfg = Release|Any CPU
		{64517912-3F87-47D2-8291-5439DA64DA70}.Release|x64.Build.0 = Release|Any CPU
		{64517912-3F87-47D2-8291-5439DA64DA70}.Release|x86.ActiveCfg = Release|Any CPU
		{64517912-3F87-47D2-8291-5439DA64DA70}.Release|x86.Build.0 = Release|Any CPU
		{BCEA874B-8F16-42F4-8E18-0207FF58330B}.Debug|_AMD64.ActiveCfg = Debug|Any CPU
		{BCEA874B-8F16-42F4-8E18-0207FF58330B}.Debug|_AMD64.Build.0 = Debug|Any CPU
		{BCEA874B-8F16-42F4-8E18-0207FF58330B}.Debug|Any CPU.ActiveCfg = Debug|Any CPU
		{BCEA874B-8F16-42F4-8E18-0207FF58330B}.Debug|Any CPU.Build.0 = Debug|Any CPU
		{BCEA874B-8F16-42F4-8E18-0207FF58330B}.Debug|x64.ActiveCfg = Debug|Any CPU
		{BCEA874B-8F16-42F4-8E18-0207FF58330B}.Debug|x64.Build.0 = Debug|Any CPU
		{BCEA874B-8F16-42F4-8E18-0207FF58330B}.Debug|x86.ActiveCfg = Debug|Any CPU
		{BCEA874B-8F16-42F4-8E18-0207FF58330B}.Debug|x86.Build.0 = Debug|Any CPU
		{BCEA874B-8F16-42F4-8E18-0207FF58330B}.Release|_AMD64.ActiveCfg = Release|Any CPU
		{BCEA874B-8F16-42F4-8E18-0207FF58330B}.Release|_AMD64.Build.0 = Release|Any CPU
		{BCEA874B-8F16-42F4-8E18-0207FF58330B}.Release|Any CPU.ActiveCfg = Release|Any CPU
		{BCEA874B-8F16-42F4-8E18-0207FF58330B}.Release|Any CPU.Build.0 = Release|Any CPU
		{BCEA874B-8F16-42F4-8E18-0207FF58330B}.Release|x64.ActiveCfg = Release|Any CPU
		{BCEA874B-8F16-42F4-8E18-0207FF58330B}.Release|x64.Build.0 = Release|Any CPU
		{BCEA874B-8F16-42F4-8E18-0207FF58330B}.Release|x86.ActiveCfg = Release|Any CPU
		{BCEA874B-8F16-42F4-8E18-0207FF58330B}.Release|x86.Build.0 = Release|Any CPU
		{96141702-A75C-4380-A46C-6C950AD696F8}.Debug|_AMD64.ActiveCfg = Debug|Any CPU
		{96141702-A75C-4380-A46C-6C950AD696F8}.Debug|_AMD64.Build.0 = Debug|Any CPU
		{96141702-A75C-4380-A46C-6C950AD696F8}.Debug|Any CPU.ActiveCfg = Debug|Any CPU
		{96141702-A75C-4380-A46C-6C950AD696F8}.Debug|Any CPU.Build.0 = Debug|Any CPU
		{96141702-A75C-4380-A46C-6C950AD696F8}.Debug|x64.ActiveCfg = Debug|Any CPU
		{96141702-A75C-4380-A46C-6C950AD696F8}.Debug|x64.Build.0 = Debug|Any CPU
		{96141702-A75C-4380-A46C-6C950AD696F8}.Debug|x86.ActiveCfg = Debug|Any CPU
		{96141702-A75C-4380-A46C-6C950AD696F8}.Debug|x86.Build.0 = Debug|Any CPU
		{96141702-A75C-4380-A46C-6C950AD696F8}.Release|_AMD64.ActiveCfg = Release|Any CPU
		{96141702-A75C-4380-A46C-6C950AD696F8}.Release|_AMD64.Build.0 = Release|Any CPU
		{96141702-A75C-4380-A46C-6C950AD696F8}.Release|Any CPU.ActiveCfg = Release|Any CPU
		{96141702-A75C-4380-A46C-6C950AD696F8}.Release|Any CPU.Build.0 = Release|Any CPU
		{96141702-A75C-4380-A46C-6C950AD696F8}.Release|x64.ActiveCfg = Release|Any CPU
		{96141702-A75C-4380-A46C-6C950AD696F8}.Release|x64.Build.0 = Release|Any CPU
		{96141702-A75C-4380-A46C-6C950AD696F8}.Release|x86.ActiveCfg = Release|Any CPU
		{96141702-A75C-4380-A46C-6C950AD696F8}.Release|x86.Build.0 = Release|Any CPU
		{08CB208D-8718-459D-A139-6ED1D387D1FE}.Debug|_AMD64.ActiveCfg = Debug|Any CPU
		{08CB208D-8718-459D-A139-6ED1D387D1FE}.Debug|_AMD64.Build.0 = Debug|Any CPU
		{08CB208D-8718-459D-A139-6ED1D387D1FE}.Debug|Any CPU.ActiveCfg = Debug|Any CPU
		{08CB208D-8718-459D-A139-6ED1D387D1FE}.Debug|Any CPU.Build.0 = Debug|Any CPU
		{08CB208D-8718-459D-A139-6ED1D387D1FE}.Debug|x64.ActiveCfg = Debug|Any CPU
		{08CB208D-8718-459D-A139-6ED1D387D1FE}.Debug|x64.Build.0 = Debug|Any CPU
		{08CB208D-8718-459D-A139-6ED1D387D1FE}.Debug|x86.ActiveCfg = Debug|Any CPU
		{08CB208D-8718-459D-A139-6ED1D387D1FE}.Debug|x86.Build.0 = Debug|Any CPU
		{08CB208D-8718-459D-A139-6ED1D387D1FE}.Release|_AMD64.ActiveCfg = Release|Any CPU
		{08CB208D-8718-459D-A139-6ED1D387D1FE}.Release|_AMD64.Build.0 = Release|Any CPU
		{08CB208D-8718-459D-A139-6ED1D387D1FE}.Release|Any CPU.ActiveCfg = Release|Any CPU
		{08CB208D-8718-459D-A139-6ED1D387D1FE}.Release|Any CPU.Build.0 = Release|Any CPU
		{08CB208D-8718-459D-A139-6ED1D387D1FE}.Release|x64.ActiveCfg = Release|Any CPU
		{08CB208D-8718-459D-A139-6ED1D387D1FE}.Release|x64.Build.0 = Release|Any CPU
		{08CB208D-8718-459D-A139-6ED1D387D1FE}.Release|x86.ActiveCfg = Release|Any CPU
		{08CB208D-8718-459D-A139-6ED1D387D1FE}.Release|x86.Build.0 = Release|Any CPU
		{F47A95F5-0E08-4B41-9852-8AB0A87ACCE3}.Debug|_AMD64.ActiveCfg = Debug|Any CPU
		{F47A95F5-0E08-4B41-9852-8AB0A87ACCE3}.Debug|_AMD64.Build.0 = Debug|Any CPU
		{F47A95F5-0E08-4B41-9852-8AB0A87ACCE3}.Debug|Any CPU.ActiveCfg = Debug|Any CPU
		{F47A95F5-0E08-4B41-9852-8AB0A87ACCE3}.Debug|Any CPU.Build.0 = Debug|Any CPU
		{F47A95F5-0E08-4B41-9852-8AB0A87ACCE3}.Debug|x64.ActiveCfg = Debug|Any CPU
		{F47A95F5-0E08-4B41-9852-8AB0A87ACCE3}.Debug|x64.Build.0 = Debug|Any CPU
		{F47A95F5-0E08-4B41-9852-8AB0A87ACCE3}.Debug|x86.ActiveCfg = Debug|Any CPU
		{F47A95F5-0E08-4B41-9852-8AB0A87ACCE3}.Debug|x86.Build.0 = Debug|Any CPU
		{F47A95F5-0E08-4B41-9852-8AB0A87ACCE3}.Release|_AMD64.ActiveCfg = Release|Any CPU
		{F47A95F5-0E08-4B41-9852-8AB0A87ACCE3}.Release|_AMD64.Build.0 = Release|Any CPU
		{F47A95F5-0E08-4B41-9852-8AB0A87ACCE3}.Release|Any CPU.ActiveCfg = Release|Any CPU
		{F47A95F5-0E08-4B41-9852-8AB0A87ACCE3}.Release|Any CPU.Build.0 = Release|Any CPU
		{F47A95F5-0E08-4B41-9852-8AB0A87ACCE3}.Release|x64.ActiveCfg = Release|Any CPU
		{F47A95F5-0E08-4B41-9852-8AB0A87ACCE3}.Release|x64.Build.0 = Release|Any CPU
		{F47A95F5-0E08-4B41-9852-8AB0A87ACCE3}.Release|x86.ActiveCfg = Release|Any CPU
		{F47A95F5-0E08-4B41-9852-8AB0A87ACCE3}.Release|x86.Build.0 = Release|Any CPU
		{DEC27DDC-0842-4861-A820-E483482C662D}.Debug|_AMD64.ActiveCfg = Debug|Any CPU
		{DEC27DDC-0842-4861-A820-E483482C662D}.Debug|_AMD64.Build.0 = Debug|Any CPU
		{DEC27DDC-0842-4861-A820-E483482C662D}.Debug|Any CPU.ActiveCfg = Debug|Any CPU
		{DEC27DDC-0842-4861-A820-E483482C662D}.Debug|Any CPU.Build.0 = Debug|Any CPU
		{DEC27DDC-0842-4861-A820-E483482C662D}.Debug|x64.ActiveCfg = Debug|Any CPU
		{DEC27DDC-0842-4861-A820-E483482C662D}.Debug|x64.Build.0 = Debug|Any CPU
		{DEC27DDC-0842-4861-A820-E483482C662D}.Debug|x86.ActiveCfg = Debug|Any CPU
		{DEC27DDC-0842-4861-A820-E483482C662D}.Debug|x86.Build.0 = Debug|Any CPU
		{DEC27DDC-0842-4861-A820-E483482C662D}.Release|_AMD64.ActiveCfg = Release|Any CPU
		{DEC27DDC-0842-4861-A820-E483482C662D}.Release|_AMD64.Build.0 = Release|Any CPU
		{DEC27DDC-0842-4861-A820-E483482C662D}.Release|Any CPU.ActiveCfg = Release|Any CPU
		{DEC27DDC-0842-4861-A820-E483482C662D}.Release|Any CPU.Build.0 = Release|Any CPU
		{DEC27DDC-0842-4861-A820-E483482C662D}.Release|x64.ActiveCfg = Release|Any CPU
		{DEC27DDC-0842-4861-A820-E483482C662D}.Release|x64.Build.0 = Release|Any CPU
		{DEC27DDC-0842-4861-A820-E483482C662D}.Release|x86.ActiveCfg = Release|Any CPU
		{DEC27DDC-0842-4861-A820-E483482C662D}.Release|x86.Build.0 = Release|Any CPU
		{4C73D0C2-F571-4A34-9067-406B6F0C21D8}.Debug|_AMD64.ActiveCfg = Debug|x64
		{4C73D0C2-F571-4A34-9067-406B6F0C21D8}.Debug|_AMD64.Build.0 = Debug|x64
		{4C73D0C2-F571-4A34-9067-406B6F0C21D8}.Debug|Any CPU.ActiveCfg = Debug|x64
		{4C73D0C2-F571-4A34-9067-406B6F0C21D8}.Debug|Any CPU.Build.0 = Debug|x64
		{4C73D0C2-F571-4A34-9067-406B6F0C21D8}.Debug|x64.ActiveCfg = Debug|x64
		{4C73D0C2-F571-4A34-9067-406B6F0C21D8}.Debug|x64.Build.0 = Debug|x64
		{4C73D0C2-F571-4A34-9067-406B6F0C21D8}.Debug|x86.ActiveCfg = Debug|Win32
		{4C73D0C2-F571-4A34-9067-406B6F0C21D8}.Debug|x86.Build.0 = Debug|Win32
		{4C73D0C2-F571-4A34-9067-406B6F0C21D8}.Release|_AMD64.ActiveCfg = Release|x64
		{4C73D0C2-F571-4A34-9067-406B6F0C21D8}.Release|_AMD64.Build.0 = Release|x64
		{4C73D0C2-F571-4A34-9067-406B6F0C21D8}.Release|Any CPU.ActiveCfg = Release|x64
		{4C73D0C2-F571-4A34-9067-406B6F0C21D8}.Release|Any CPU.Build.0 = Release|x64
		{4C73D0C2-F571-4A34-9067-406B6F0C21D8}.Release|x64.ActiveCfg = Release|x64
		{4C73D0C2-F571-4A34-9067-406B6F0C21D8}.Release|x64.Build.0 = Release|x64
		{4C73D0C2-F571-4A34-9067-406B6F0C21D8}.Release|x86.ActiveCfg = Release|Win32
		{4C73D0C2-F571-4A34-9067-406B6F0C21D8}.Release|x86.Build.0 = Release|Win32
		{0708BF34-814F-4FD9-9AFD-98A6FC89D42E}.Debug|_AMD64.ActiveCfg = Debug|x64
		{0708BF34-814F-4FD9-9AFD-98A6FC89D42E}.Debug|_AMD64.Build.0 = Debug|x64
		{0708BF34-814F-4FD9-9AFD-98A6FC89D42E}.Debug|Any CPU.ActiveCfg = Debug|x64
		{0708BF34-814F-4FD9-9AFD-98A6FC89D42E}.Debug|Any CPU.Build.0 = Debug|x64
		{0708BF34-814F-4FD9-9AFD-98A6FC89D42E}.Debug|x64.ActiveCfg = Debug|x64
		{0708BF34-814F-4FD9-9AFD-98A6FC89D42E}.Debug|x64.Build.0 = Debug|x64
		{0708BF34-814F-4FD9-9AFD-98A6FC89D42E}.Debug|x86.ActiveCfg = Debug|Win32
		{0708BF34-814F-4FD9-9AFD-98A6FC89D42E}.Debug|x86.Build.0 = Debug|Win32
		{0708BF34-814F-4FD9-9AFD-98A6FC89D42E}.Release|_AMD64.ActiveCfg = Release|x64
		{0708BF34-814F-4FD9-9AFD-98A6FC89D42E}.Release|_AMD64.Build.0 = Release|x64
		{0708BF34-814F-4FD9-9AFD-98A6FC89D42E}.Release|Any CPU.ActiveCfg = Release|x64
		{0708BF34-814F-4FD9-9AFD-98A6FC89D42E}.Release|Any CPU.Build.0 = Release|x64
		{0708BF34-814F-4FD9-9AFD-98A6FC89D42E}.Release|x64.ActiveCfg = Release|x64
		{0708BF34-814F-4FD9-9AFD-98A6FC89D42E}.Release|x64.Build.0 = Release|x64
		{0708BF34-814F-4FD9-9AFD-98A6FC89D42E}.Release|x86.ActiveCfg = Release|Win32
		{0708BF34-814F-4FD9-9AFD-98A6FC89D42E}.Release|x86.Build.0 = Release|Win32
		{85D015B8-71A0-4323-AB48-92785DEA59FC}.Debug|_AMD64.ActiveCfg = Debug|x64
		{85D015B8-71A0-4323-AB48-92785DEA59FC}.Debug|_AMD64.Build.0 = Debug|x64
		{85D015B8-71A0-4323-AB48-92785DEA59FC}.Debug|Any CPU.ActiveCfg = Debug|x64
		{85D015B8-71A0-4323-AB48-92785DEA59FC}.Debug|Any CPU.Build.0 = Debug|x64
		{85D015B8-71A0-4323-AB48-92785DEA59FC}.Debug|x64.ActiveCfg = Debug|x64
		{85D015B8-71A0-4323-AB48-92785DEA59FC}.Debug|x64.Build.0 = Debug|x64
		{85D015B8-71A0-4323-AB48-92785DEA59FC}.Debug|x86.ActiveCfg = Debug|Win32
		{85D015B8-71A0-4323-AB48-92785DEA59FC}.Debug|x86.Build.0 = Debug|Win32
		{85D015B8-71A0-4323-AB48-92785DEA59FC}.Release|_AMD64.ActiveCfg = Release|x64
		{85D015B8-71A0-4323-AB48-92785DEA59FC}.Release|_AMD64.Build.0 = Release|x64
		{85D015B8-71A0-4323-AB48-92785DEA59FC}.Release|Any CPU.ActiveCfg = Release|x64
		{85D015B8-71A0-4323-AB48-92785DEA59FC}.Release|Any CPU.Build.0 = Release|x64
		{85D015B8-71A0-4323-AB48-92785DEA59FC}.Release|x64.ActiveCfg = Release|x64
		{85D015B8-71A0-4323-AB48-92785DEA59FC}.Release|x64.Build.0 = Release|x64
		{85D015B8-71A0-4323-AB48-92785DEA59FC}.Release|x86.ActiveCfg = Release|Win32
		{85D015B8-71A0-4323-AB48-92785DEA59FC}.Release|x86.Build.0 = Release|Win32
		{0B9C49B7-28C8-4DAE-8477-43629ECB6BE7}.Debug|_AMD64.ActiveCfg = Debug|x64
		{0B9C49B7-28C8-4DAE-8477-43629ECB6BE7}.Debug|_AMD64.Build.0 = Debug|x64
		{0B9C49B7-28C8-4DAE-8477-43629ECB6BE7}.Debug|Any CPU.ActiveCfg = Debug|x64
		{0B9C49B7-28C8-4DAE-8477-43629ECB6BE7}.Debug|Any CPU.Build.0 = Debug|x64
		{0B9C49B7-28C8-4DAE-8477-43629ECB6BE7}.Debug|x64.ActiveCfg = Debug|x64
		{0B9C49B7-28C8-4DAE-8477-43629ECB6BE7}.Debug|x64.Build.0 = Debug|x64
		{0B9C49B7-28C8-4DAE-8477-43629ECB6BE7}.Debug|x86.ActiveCfg = Debug|Win32
		{0B9C49B7-28C8-4DAE-8477-43629ECB6BE7}.Debug|x86.Build.0 = Debug|Win32
		{0B9C49B7-28C8-4DAE-8477-43629ECB6BE7}.Release|_AMD64.ActiveCfg = Release|x64
		{0B9C49B7-28C8-4DAE-8477-43629ECB6BE7}.Release|_AMD64.Build.0 = Release|x64
		{0B9C49B7-28C8-4DAE-8477-43629ECB6BE7}.Release|Any CPU.ActiveCfg = Release|x64
		{0B9C49B7-28C8-4DAE-8477-43629ECB6BE7}.Release|Any CPU.Build.0 = Release|x64
		{0B9C49B7-28C8-4DAE-8477-43629ECB6BE7}.Release|x64.ActiveCfg = Release|x64
		{0B9C49B7-28C8-4DAE-8477-43629ECB6BE7}.Release|x64.Build.0 = Release|x64
		{0B9C49B7-28C8-4DAE-8477-43629ECB6BE7}.Release|x86.ActiveCfg = Release|Win32
		{0B9C49B7-28C8-4DAE-8477-43629ECB6BE7}.Release|x86.Build.0 = Release|Win32
		{7E8AA9B0-3CB6-44C0-B424-6CABA0BA4EC7}.Debug|_AMD64.ActiveCfg = Debug|x64
		{7E8AA9B0-3CB6-44C0-B424-6CABA0BA4EC7}.Debug|_AMD64.Build.0 = Debug|x64
		{7E8AA9B0-3CB6-44C0-B424-6CABA0BA4EC7}.Debug|Any CPU.ActiveCfg = Debug|x64
		{7E8AA9B0-3CB6-44C0-B424-6CABA0BA4EC7}.Debug|Any CPU.Build.0 = Debug|x64
		{7E8AA9B0-3CB6-44C0-B424-6CABA0BA4EC7}.Debug|x64.ActiveCfg = Debug|x64
		{7E8AA9B0-3CB6-44C0-B424-6CABA0BA4EC7}.Debug|x64.Build.0 = Debug|x64
		{7E8AA9B0-3CB6-44C0-B424-6CABA0BA4EC7}.Debug|x86.ActiveCfg = Debug|Win32
		{7E8AA9B0-3CB6-44C0-B424-6CABA0BA4EC7}.Debug|x86.Build.0 = Debug|Win32
		{7E8AA9B0-3CB6-44C0-B424-6CABA0BA4EC7}.Release|_AMD64.ActiveCfg = Release|x64
		{7E8AA9B0-3CB6-44C0-B424-6CABA0BA4EC7}.Release|_AMD64.Build.0 = Release|x64
		{7E8AA9B0-3CB6-44C0-B424-6CABA0BA4EC7}.Release|Any CPU.ActiveCfg = Release|x64
		{7E8AA9B0-3CB6-44C0-B424-6CABA0BA4EC7}.Release|Any CPU.Build.0 = Release|x64
		{7E8AA9B0-3CB6-44C0-B424-6CABA0BA4EC7}.Release|x64.ActiveCfg = Release|x64
		{7E8AA9B0-3CB6-44C0-B424-6CABA0BA4EC7}.Release|x64.Build.0 = Release|x64
		{7E8AA9B0-3CB6-44C0-B424-6CABA0BA4EC7}.Release|x86.ActiveCfg = Release|Win32
		{7E8AA9B0-3CB6-44C0-B424-6CABA0BA4EC7}.Release|x86.Build.0 = Release|Win32
		{9AA61EAD-BC66-4CBE-BBDB-A1F8B272DEA3}.Debug|_AMD64.ActiveCfg = Debug|x64
		{9AA61EAD-BC66-4CBE-BBDB-A1F8B272DEA3}.Debug|_AMD64.Build.0 = Debug|x64
		{9AA61EAD-BC66-4CBE-BBDB-A1F8B272DEA3}.Debug|Any CPU.ActiveCfg = Debug|x64
		{9AA61EAD-BC66-4CBE-BBDB-A1F8B272DEA3}.Debug|Any CPU.Build.0 = Debug|x64
		{9AA61EAD-BC66-4CBE-BBDB-A1F8B272DEA3}.Debug|x64.ActiveCfg = Debug|x64
		{9AA61EAD-BC66-4CBE-BBDB-A1F8B272DEA3}.Debug|x64.Build.0 = Debug|x64
		{9AA61EAD-BC66-4CBE-BBDB-A1F8B272DEA3}.Debug|x86.ActiveCfg = Debug|Win32
		{9AA61EAD-BC66-4CBE-BBDB-A1F8B272DEA3}.Debug|x86.Build.0 = Debug|Win32
		{9AA61EAD-BC66-4CBE-BBDB-A1F8B272DEA3}.Release|_AMD64.ActiveCfg = Release|x64
		{9AA61EAD-BC66-4CBE-BBDB-A1F8B272DEA3}.Release|_AMD64.Build.0 = Release|x64
		{9AA61EAD-BC66-4CBE-BBDB-A1F8B272DEA3}.Release|Any CPU.ActiveCfg = Release|x64
		{9AA61EAD-BC66-4CBE-BBDB-A1F8B272DEA3}.Release|Any CPU.Build.0 = Release|x64
		{9AA61EAD-BC66-4CBE-BBDB-A1F8B272DEA3}.Release|x64.ActiveCfg = Release|x64
		{9AA61EAD-BC66-4CBE-BBDB-A1F8B272DEA3}.Release|x64.Build.0 = Release|x64
		{9AA61EAD-BC66-4CBE-BBDB-A1F8B272DEA3}.Release|x86.ActiveCfg = Release|Win32
		{9AA61EAD-BC66-4CBE-BBDB-A1F8B272DEA3}.Release|x86.Build.0 = Release|Win32
		{384CB7B4-4A62-4E38-A635-FEF9F2EF12B2}.Debug|_AMD64.ActiveCfg = Debug|x64
		{384CB7B4-4A62-4E38-A635-FEF9F2EF12B2}.Debug|_AMD64.Build.0 = Debug|x64
		{384CB7B4-4A62-4E38-A635-FEF9F2EF12B2}.Debug|Any CPU.ActiveCfg = Debug|x64
		{384CB7B4-4A62-4E38-A635-FEF9F2EF12B2}.Debug|Any CPU.Build.0 = Debug|x64
		{384CB7B4-4A62-4E38-A635-FEF9F2EF12B2}.Debug|x64.ActiveCfg = Debug|x64
		{384CB7B4-4A62-4E38-A635-FEF9F2EF12B2}.Debug|x64.Build.0 = Debug|x64
		{384CB7B4-4A62-4E38-A635-FEF9F2EF12B2}.Debug|x86.ActiveCfg = Debug|Win32
		{384CB7B4-4A62-4E38-A635-FEF9F2EF12B2}.Debug|x86.Build.0 = Debug|Win32
		{384CB7B4-4A62-4E38-A635-FEF9F2EF12B2}.Release|_AMD64.ActiveCfg = Release|x64
		{384CB7B4-4A62-4E38-A635-FEF9F2EF12B2}.Release|_AMD64.Build.0 = Release|x64
		{384CB7B4-4A62-4E38-A635-FEF9F2EF12B2}.Release|Any CPU.ActiveCfg = Release|x64
		{384CB7B4-4A62-4E38-A635-FEF9F2EF12B2}.Release|Any CPU.Build.0 = Release|x64
		{384CB7B4-4A62-4E38-A635-FEF9F2EF12B2}.Release|x64.ActiveCfg = Release|x64
		{384CB7B4-4A62-4E38-A635-FEF9F2EF12B2}.Release|x64.Build.0 = Release|x64
		{384CB7B4-4A62-4E38-A635-FEF9F2EF12B2}.Release|x86.ActiveCfg = Release|Win32
		{384CB7B4-4A62-4E38-A635-FEF9F2EF12B2}.Release|x86.Build.0 = Release|Win32
		{B4668DA2-4645-46D8-8FE3-71E4B80E93AA}.Debug|_AMD64.ActiveCfg = Debug|x64
		{B4668DA2-4645-46D8-8FE3-71E4B80E93AA}.Debug|_AMD64.Build.0 = Debug|x64
		{B4668DA2-4645-46D8-8FE3-71E4B80E93AA}.Debug|Any CPU.ActiveCfg = Debug|x64
		{B4668DA2-4645-46D8-8FE3-71E4B80E93AA}.Debug|Any CPU.Build.0 = Debug|x64
		{B4668DA2-4645-46D8-8FE3-71E4B80E93AA}.Debug|x64.ActiveCfg = Debug|x64
		{B4668DA2-4645-46D8-8FE3-71E4B80E93AA}.Debug|x64.Build.0 = Debug|x64
		{B4668DA2-4645-46D8-8FE3-71E4B80E93AA}.Debug|x86.ActiveCfg = Debug|Win32
		{B4668DA2-4645-46D8-8FE3-71E4B80E93AA}.Debug|x86.Build.0 = Debug|Win32
		{B4668DA2-4645-46D8-8FE3-71E4B80E93AA}.Release|_AMD64.ActiveCfg = Release|x64
		{B4668DA2-4645-46D8-8FE3-71E4B80E93AA}.Release|_AMD64.Build.0 = Release|x64
		{B4668DA2-4645-46D8-8FE3-71E4B80E93AA}.Release|Any CPU.ActiveCfg = Release|x64
		{B4668DA2-4645-46D8-8FE3-71E4B80E93AA}.Release|Any CPU.Build.0 = Release|x64
		{B4668DA2-4645-46D8-8FE3-71E4B80E93AA}.Release|x64.ActiveCfg = Release|x64
		{B4668DA2-4645-46D8-8FE3-71E4B80E93AA}.Release|x64.Build.0 = Release|x64
		{B4668DA2-4645-46D8-8FE3-71E4B80E93AA}.Release|x86.ActiveCfg = Release|Win32
		{B4668DA2-4645-46D8-8FE3-71E4B80E93AA}.Release|x86.Build.0 = Release|Win32
		{31DBD1DB-312C-45CA-A577-606690B37E91}.Debug|_AMD64.ActiveCfg = Debug|x64
		{31DBD1DB-312C-45CA-A577-606690B37E91}.Debug|_AMD64.Build.0 = Debug|x64
		{31DBD1DB-312C-45CA-A577-606690B37E91}.Debug|Any CPU.ActiveCfg = Debug|x64
		{31DBD1DB-312C-45CA-A577-606690B37E91}.Debug|Any CPU.Build.0 = Debug|x64
		{31DBD1DB-312C-45CA-A577-606690B37E91}.Debug|x64.ActiveCfg = Debug|x64
		{31DBD1DB-312C-45CA-A577-606690B37E91}.Debug|x64.Build.0 = Debug|x64
		{31DBD1DB-312C-45CA-A577-606690B37E91}.Debug|x86.ActiveCfg = Debug|Win32
		{31DBD1DB-312C-45CA-A577-606690B37E91}.Debug|x86.Build.0 = Debug|Win32
		{31DBD1DB-312C-45CA-A577-606690B37E91}.Release|_AMD64.ActiveCfg = Release|x64
		{31DBD1DB-312C-45CA-A577-606690B37E91}.Release|_AMD64.Build.0 = Release|x64
		{31DBD1DB-312C-45CA-A577-606690B37E91}.Release|Any CPU.ActiveCfg = Release|x64
		{31DBD1DB-312C-45CA-A577-606690B37E91}.Release|Any CPU.Build.0 = Release|x64
		{31DBD1DB-312C-45CA-A577-606690B37E91}.Release|x64.ActiveCfg = Release|x64
		{31DBD1DB-312C-45CA-A577-606690B37E91}.Release|x64.Build.0 = Release|x64
		{31DBD1DB-312C-45CA-A577-606690B37E91}.Release|x86.ActiveCfg = Release|Win32
		{31DBD1DB-312C-45CA-A577-606690B37E91}.Release|x86.Build.0 = Release|Win32
		{AC097FD4-BE2E-4DF1-BD05-35A3A8F87AED}.Debug|_AMD64.ActiveCfg = Debug|Any CPU
		{AC097FD4-BE2E-4DF1-BD05-35A3A8F87AED}.Debug|_AMD64.Build.0 = Debug|Any CPU
		{AC097FD4-BE2E-4DF1-BD05-35A3A8F87AED}.Debug|Any CPU.ActiveCfg = Debug|Any CPU
		{AC097FD4-BE2E-4DF1-BD05-35A3A8F87AED}.Debug|Any CPU.Build.0 = Debug|Any CPU
		{AC097FD4-BE2E-4DF1-BD05-35A3A8F87AED}.Debug|x64.ActiveCfg = Debug|Any CPU
		{AC097FD4-BE2E-4DF1-BD05-35A3A8F87AED}.Debug|x64.Build.0 = Debug|Any CPU
		{AC097FD4-BE2E-4DF1-BD05-35A3A8F87AED}.Debug|x86.ActiveCfg = Debug|Any CPU
		{AC097FD4-BE2E-4DF1-BD05-35A3A8F87AED}.Debug|x86.Build.0 = Debug|Any CPU
		{AC097FD4-BE2E-4DF1-BD05-35A3A8F87AED}.Release|_AMD64.ActiveCfg = Release|Any CPU
		{AC097FD4-BE2E-4DF1-BD05-35A3A8F87AED}.Release|_AMD64.Build.0 = Release|Any CPU
		{AC097FD4-BE2E-4DF1-BD05-35A3A8F87AED}.Release|Any CPU.ActiveCfg = Release|Any CPU
		{AC097FD4-BE2E-4DF1-BD05-35A3A8F87AED}.Release|Any CPU.Build.0 = Release|Any CPU
		{AC097FD4-BE2E-4DF1-BD05-35A3A8F87AED}.Release|x64.ActiveCfg = Release|Any CPU
		{AC097FD4-BE2E-4DF1-BD05-35A3A8F87AED}.Release|x64.Build.0 = Release|Any CPU
		{AC097FD4-BE2E-4DF1-BD05-35A3A8F87AED}.Release|x86.ActiveCfg = Release|Any CPU
		{AC097FD4-BE2E-4DF1-BD05-35A3A8F87AED}.Release|x86.Build.0 = Release|Any CPU
		{0C4FD14A-D035-483B-8AC6-6098D9C953A5}.Debug|_AMD64.ActiveCfg = Debug|Any CPU
		{0C4FD14A-D035-483B-8AC6-6098D9C953A5}.Debug|_AMD64.Build.0 = Debug|Any CPU
		{0C4FD14A-D035-483B-8AC6-6098D9C953A5}.Debug|Any CPU.ActiveCfg = Debug|Any CPU
		{0C4FD14A-D035-483B-8AC6-6098D9C953A5}.Debug|Any CPU.Build.0 = Debug|Any CPU
		{0C4FD14A-D035-483B-8AC6-6098D9C953A5}.Debug|x64.ActiveCfg = Debug|Any CPU
		{0C4FD14A-D035-483B-8AC6-6098D9C953A5}.Debug|x64.Build.0 = Debug|Any CPU
		{0C4FD14A-D035-483B-8AC6-6098D9C953A5}.Debug|x86.ActiveCfg = Debug|Any CPU
		{0C4FD14A-D035-483B-8AC6-6098D9C953A5}.Debug|x86.Build.0 = Debug|Any CPU
		{0C4FD14A-D035-483B-8AC6-6098D9C953A5}.Release|_AMD64.ActiveCfg = Release|Any CPU
		{0C4FD14A-D035-483B-8AC6-6098D9C953A5}.Release|_AMD64.Build.0 = Release|Any CPU
		{0C4FD14A-D035-483B-8AC6-6098D9C953A5}.Release|Any CPU.ActiveCfg = Release|Any CPU
		{0C4FD14A-D035-483B-8AC6-6098D9C953A5}.Release|Any CPU.Build.0 = Release|Any CPU
		{0C4FD14A-D035-483B-8AC6-6098D9C953A5}.Release|x64.ActiveCfg = Release|Any CPU
		{0C4FD14A-D035-483B-8AC6-6098D9C953A5}.Release|x64.Build.0 = Release|Any CPU
		{0C4FD14A-D035-483B-8AC6-6098D9C953A5}.Release|x86.ActiveCfg = Release|Any CPU
		{0C4FD14A-D035-483B-8AC6-6098D9C953A5}.Release|x86.Build.0 = Release|Any CPU
		{8DE2801B-BE40-963B-114B-4AFC35B22FC9}.Debug|_AMD64.ActiveCfg = Debug|Any CPU
		{8DE2801B-BE40-963B-114B-4AFC35B22FC9}.Debug|_AMD64.Build.0 = Debug|Any CPU
		{8DE2801B-BE40-963B-114B-4AFC35B22FC9}.Debug|Any CPU.ActiveCfg = Debug|Any CPU
		{8DE2801B-BE40-963B-114B-4AFC35B22FC9}.Debug|Any CPU.Build.0 = Debug|Any CPU
		{8DE2801B-BE40-963B-114B-4AFC35B22FC9}.Debug|x64.ActiveCfg = Debug|Any CPU
		{8DE2801B-BE40-963B-114B-4AFC35B22FC9}.Debug|x64.Build.0 = Debug|Any CPU
		{8DE2801B-BE40-963B-114B-4AFC35B22FC9}.Debug|x86.ActiveCfg = Debug|Any CPU
		{8DE2801B-BE40-963B-114B-4AFC35B22FC9}.Debug|x86.Build.0 = Debug|Any CPU
		{8DE2801B-BE40-963B-114B-4AFC35B22FC9}.Release|_AMD64.ActiveCfg = Release|Any CPU
		{8DE2801B-BE40-963B-114B-4AFC35B22FC9}.Release|_AMD64.Build.0 = Release|Any CPU
		{8DE2801B-BE40-963B-114B-4AFC35B22FC9}.Release|Any CPU.ActiveCfg = Release|Any CPU
		{8DE2801B-BE40-963B-114B-4AFC35B22FC9}.Release|Any CPU.Build.0 = Release|Any CPU
		{8DE2801B-BE40-963B-114B-4AFC35B22FC9}.Release|x64.ActiveCfg = Release|Any CPU
		{8DE2801B-BE40-963B-114B-4AFC35B22FC9}.Release|x64.Build.0 = Release|Any CPU
		{8DE2801B-BE40-963B-114B-4AFC35B22FC9}.Release|x86.ActiveCfg = Release|Any CPU
		{8DE2801B-BE40-963B-114B-4AFC35B22FC9}.Release|x86.Build.0 = Release|Any CPU
		{C0E4C671-9C1A-4196-A92F-122D54E191E6}.Debug|_AMD64.ActiveCfg = Debug|Any CPU
		{C0E4C671-9C1A-4196-A92F-122D54E191E6}.Debug|_AMD64.Build.0 = Debug|Any CPU
		{C0E4C671-9C1A-4196-A92F-122D54E191E6}.Debug|Any CPU.ActiveCfg = Debug|Any CPU
		{C0E4C671-9C1A-4196-A92F-122D54E191E6}.Debug|Any CPU.Build.0 = Debug|Any CPU
		{C0E4C671-9C1A-4196-A92F-122D54E191E6}.Debug|x64.ActiveCfg = Debug|Any CPU
		{C0E4C671-9C1A-4196-A92F-122D54E191E6}.Debug|x64.Build.0 = Debug|Any CPU
		{C0E4C671-9C1A-4196-A92F-122D54E191E6}.Debug|x86.ActiveCfg = Debug|Any CPU
		{C0E4C671-9C1A-4196-A92F-122D54E191E6}.Debug|x86.Build.0 = Debug|Any CPU
		{C0E4C671-9C1A-4196-A92F-122D54E191E6}.Release|_AMD64.ActiveCfg = Release|Any CPU
		{C0E4C671-9C1A-4196-A92F-122D54E191E6}.Release|_AMD64.Build.0 = Release|Any CPU
		{C0E4C671-9C1A-4196-A92F-122D54E191E6}.Release|Any CPU.ActiveCfg = Release|Any CPU
		{C0E4C671-9C1A-4196-A92F-122D54E191E6}.Release|Any CPU.Build.0 = Release|Any CPU
		{C0E4C671-9C1A-4196-A92F-122D54E191E6}.Release|x64.ActiveCfg = Release|Any CPU
		{C0E4C671-9C1A-4196-A92F-122D54E191E6}.Release|x64.Build.0 = Release|Any CPU
		{C0E4C671-9C1A-4196-A92F-122D54E191E6}.Release|x86.ActiveCfg = Release|Any CPU
		{C0E4C671-9C1A-4196-A92F-122D54E191E6}.Release|x86.Build.0 = Release|Any CPU
		{EDD54361-39A9-2952-0D83-8BCFA75BC668}.Debug|_AMD64.ActiveCfg = Debug|Any CPU
		{EDD54361-39A9-2952-0D83-8BCFA75BC668}.Debug|_AMD64.Build.0 = Debug|Any CPU
		{EDD54361-39A9-2952-0D83-8BCFA75BC668}.Debug|Any CPU.ActiveCfg = Debug|Any CPU
		{EDD54361-39A9-2952-0D83-8BCFA75BC668}.Debug|Any CPU.Build.0 = Debug|Any CPU
		{EDD54361-39A9-2952-0D83-8BCFA75BC668}.Debug|x64.ActiveCfg = Debug|Any CPU
		{EDD54361-39A9-2952-0D83-8BCFA75BC668}.Debug|x64.Build.0 = Debug|Any CPU
		{EDD54361-39A9-2952-0D83-8BCFA75BC668}.Debug|x86.ActiveCfg = Debug|Any CPU
		{EDD54361-39A9-2952-0D83-8BCFA75BC668}.Debug|x86.Build.0 = Debug|Any CPU
		{EDD54361-39A9-2952-0D83-8BCFA75BC668}.Release|_AMD64.ActiveCfg = Release|Any CPU
		{EDD54361-39A9-2952-0D83-8BCFA75BC668}.Release|_AMD64.Build.0 = Release|Any CPU
		{EDD54361-39A9-2952-0D83-8BCFA75BC668}.Release|Any CPU.ActiveCfg = Release|Any CPU
		{EDD54361-39A9-2952-0D83-8BCFA75BC668}.Release|Any CPU.Build.0 = Release|Any CPU
		{EDD54361-39A9-2952-0D83-8BCFA75BC668}.Release|x64.ActiveCfg = Release|Any CPU
		{EDD54361-39A9-2952-0D83-8BCFA75BC668}.Release|x64.Build.0 = Release|Any CPU
		{EDD54361-39A9-2952-0D83-8BCFA75BC668}.Release|x86.ActiveCfg = Release|Any CPU
		{EDD54361-39A9-2952-0D83-8BCFA75BC668}.Release|x86.Build.0 = Release|Any CPU
		{3A3E7E8D-39EF-4CB7-9F0C-11720BBDFD5F}.Debug|_AMD64.ActiveCfg = Debug|Any CPU
		{3A3E7E8D-39EF-4CB7-9F0C-11720BBDFD5F}.Debug|_AMD64.Build.0 = Debug|Any CPU
		{3A3E7E8D-39EF-4CB7-9F0C-11720BBDFD5F}.Debug|Any CPU.ActiveCfg = Debug|Any CPU
		{3A3E7E8D-39EF-4CB7-9F0C-11720BBDFD5F}.Debug|Any CPU.Build.0 = Debug|Any CPU
		{3A3E7E8D-39EF-4CB7-9F0C-11720BBDFD5F}.Debug|x64.ActiveCfg = Debug|Any CPU
		{3A3E7E8D-39EF-4CB7-9F0C-11720BBDFD5F}.Debug|x64.Build.0 = Debug|Any CPU
		{3A3E7E8D-39EF-4CB7-9F0C-11720BBDFD5F}.Debug|x86.ActiveCfg = Debug|Any CPU
		{3A3E7E8D-39EF-4CB7-9F0C-11720BBDFD5F}.Debug|x86.Build.0 = Debug|Any CPU
		{3A3E7E8D-39EF-4CB7-9F0C-11720BBDFD5F}.Release|_AMD64.ActiveCfg = Release|Any CPU
		{3A3E7E8D-39EF-4CB7-9F0C-11720BBDFD5F}.Release|_AMD64.Build.0 = Release|Any CPU
		{3A3E7E8D-39EF-4CB7-9F0C-11720BBDFD5F}.Release|Any CPU.ActiveCfg = Release|Any CPU
		{3A3E7E8D-39EF-4CB7-9F0C-11720BBDFD5F}.Release|Any CPU.Build.0 = Release|Any CPU
		{3A3E7E8D-39EF-4CB7-9F0C-11720BBDFD5F}.Release|x64.ActiveCfg = Release|Any CPU
		{3A3E7E8D-39EF-4CB7-9F0C-11720BBDFD5F}.Release|x64.Build.0 = Release|Any CPU
		{3A3E7E8D-39EF-4CB7-9F0C-11720BBDFD5F}.Release|x86.ActiveCfg = Release|Any CPU
		{3A3E7E8D-39EF-4CB7-9F0C-11720BBDFD5F}.Release|x86.Build.0 = Release|Any CPU
		{37B4DBEE-AAEC-D233-52F3-B7B327C5B42B}.Debug|_AMD64.ActiveCfg = Debug|Any CPU
		{37B4DBEE-AAEC-D233-52F3-B7B327C5B42B}.Debug|_AMD64.Build.0 = Debug|Any CPU
		{37B4DBEE-AAEC-D233-52F3-B7B327C5B42B}.Debug|Any CPU.ActiveCfg = Debug|Any CPU
		{37B4DBEE-AAEC-D233-52F3-B7B327C5B42B}.Debug|Any CPU.Build.0 = Debug|Any CPU
		{37B4DBEE-AAEC-D233-52F3-B7B327C5B42B}.Debug|x64.ActiveCfg = Debug|Any CPU
		{37B4DBEE-AAEC-D233-52F3-B7B327C5B42B}.Debug|x64.Build.0 = Debug|Any CPU
		{37B4DBEE-AAEC-D233-52F3-B7B327C5B42B}.Debug|x86.ActiveCfg = Debug|Any CPU
		{37B4DBEE-AAEC-D233-52F3-B7B327C5B42B}.Debug|x86.Build.0 = Debug|Any CPU
		{37B4DBEE-AAEC-D233-52F3-B7B327C5B42B}.Release|_AMD64.ActiveCfg = Release|Any CPU
		{37B4DBEE-AAEC-D233-52F3-B7B327C5B42B}.Release|_AMD64.Build.0 = Release|Any CPU
		{37B4DBEE-AAEC-D233-52F3-B7B327C5B42B}.Release|Any CPU.ActiveCfg = Release|Any CPU
		{37B4DBEE-AAEC-D233-52F3-B7B327C5B42B}.Release|Any CPU.Build.0 = Release|Any CPU
		{37B4DBEE-AAEC-D233-52F3-B7B327C5B42B}.Release|x64.ActiveCfg = Release|Any CPU
		{37B4DBEE-AAEC-D233-52F3-B7B327C5B42B}.Release|x64.Build.0 = Release|Any CPU
		{37B4DBEE-AAEC-D233-52F3-B7B327C5B42B}.Release|x86.ActiveCfg = Release|Any CPU
		{37B4DBEE-AAEC-D233-52F3-B7B327C5B42B}.Release|x86.Build.0 = Release|Any CPU
		{DB556419-F7ED-41C4-A63E-848185DDBF53}.Debug|_AMD64.ActiveCfg = Debug|Any CPU
		{DB556419-F7ED-41C4-A63E-848185DDBF53}.Debug|_AMD64.Build.0 = Debug|Any CPU
		{DB556419-F7ED-41C4-A63E-848185DDBF53}.Debug|Any CPU.ActiveCfg = Debug|Any CPU
		{DB556419-F7ED-41C4-A63E-848185DDBF53}.Debug|Any CPU.Build.0 = Debug|Any CPU
		{DB556419-F7ED-41C4-A63E-848185DDBF53}.Debug|x64.ActiveCfg = Debug|Any CPU
		{DB556419-F7ED-41C4-A63E-848185DDBF53}.Debug|x64.Build.0 = Debug|Any CPU
		{DB556419-F7ED-41C4-A63E-848185DDBF53}.Debug|x86.ActiveCfg = Debug|Any CPU
		{DB556419-F7ED-41C4-A63E-848185DDBF53}.Debug|x86.Build.0 = Debug|Any CPU
		{DB556419-F7ED-41C4-A63E-848185DDBF53}.Release|_AMD64.ActiveCfg = Release|Any CPU
		{DB556419-F7ED-41C4-A63E-848185DDBF53}.Release|_AMD64.Build.0 = Release|Any CPU
		{DB556419-F7ED-41C4-A63E-848185DDBF53}.Release|Any CPU.ActiveCfg = Release|Any CPU
		{DB556419-F7ED-41C4-A63E-848185DDBF53}.Release|Any CPU.Build.0 = Release|Any CPU
		{DB556419-F7ED-41C4-A63E-848185DDBF53}.Release|x64.ActiveCfg = Release|Any CPU
		{DB556419-F7ED-41C4-A63E-848185DDBF53}.Release|x64.Build.0 = Release|Any CPU
		{DB556419-F7ED-41C4-A63E-848185DDBF53}.Release|x86.ActiveCfg = Release|Any CPU
		{DB556419-F7ED-41C4-A63E-848185DDBF53}.Release|x86.Build.0 = Release|Any CPU
		{9C0DC118-06BA-48CB-8E32-D8A5CB98E1C3}.Debug|_AMD64.ActiveCfg = Debug|Any CPU
		{9C0DC118-06BA-48CB-8E32-D8A5CB98E1C3}.Debug|_AMD64.Build.0 = Debug|Any CPU
		{9C0DC118-06BA-48CB-8E32-D8A5CB98E1C3}.Debug|Any CPU.ActiveCfg = Debug|Any CPU
		{9C0DC118-06BA-48CB-8E32-D8A5CB98E1C3}.Debug|Any CPU.Build.0 = Debug|Any CPU
		{9C0DC118-06BA-48CB-8E32-D8A5CB98E1C3}.Debug|x64.ActiveCfg = Debug|Any CPU
		{9C0DC118-06BA-48CB-8E32-D8A5CB98E1C3}.Debug|x64.Build.0 = Debug|Any CPU
		{9C0DC118-06BA-48CB-8E32-D8A5CB98E1C3}.Debug|x86.ActiveCfg = Debug|Any CPU
		{9C0DC118-06BA-48CB-8E32-D8A5CB98E1C3}.Debug|x86.Build.0 = Debug|Any CPU
		{9C0DC118-06BA-48CB-8E32-D8A5CB98E1C3}.Release|_AMD64.ActiveCfg = Release|Any CPU
		{9C0DC118-06BA-48CB-8E32-D8A5CB98E1C3}.Release|_AMD64.Build.0 = Release|Any CPU
		{9C0DC118-06BA-48CB-8E32-D8A5CB98E1C3}.Release|Any CPU.ActiveCfg = Release|Any CPU
		{9C0DC118-06BA-48CB-8E32-D8A5CB98E1C3}.Release|Any CPU.Build.0 = Release|Any CPU
		{9C0DC118-06BA-48CB-8E32-D8A5CB98E1C3}.Release|x64.ActiveCfg = Release|Any CPU
		{9C0DC118-06BA-48CB-8E32-D8A5CB98E1C3}.Release|x64.Build.0 = Release|Any CPU
		{9C0DC118-06BA-48CB-8E32-D8A5CB98E1C3}.Release|x86.ActiveCfg = Release|Any CPU
		{9C0DC118-06BA-48CB-8E32-D8A5CB98E1C3}.Release|x86.Build.0 = Release|Any CPU
	EndGlobalSection
	GlobalSection(SolutionProperties) = preSolution
		HideSolutionNode = FALSE
	EndGlobalSection
	GlobalSection(NestedProjects) = preSolution
		{F2BD313D-D540-4511-81BC-801C86196BBD} = {A3EEF00F-6B23-4623-8595-A1A109282E11}
		{AC1D4F98-BB29-48D2-B8BB-4EC1F60B13A3} = {A3EEF00F-6B23-4623-8595-A1A109282E11}
		{64517912-3F87-47D2-8291-5439DA64DA70} = {86F9C68B-A918-4873-80B7-973EF0409F97}
		{BCEA874B-8F16-42F4-8E18-0207FF58330B} = {86F9C68B-A918-4873-80B7-973EF0409F97}
		{96141702-A75C-4380-A46C-6C950AD696F8} = {86F9C68B-A918-4873-80B7-973EF0409F97}
		{08CB208D-8718-459D-A139-6ED1D387D1FE} = {86F9C68B-A918-4873-80B7-973EF0409F97}
		{F47A95F5-0E08-4B41-9852-8AB0A87ACCE3} = {86F9C68B-A918-4873-80B7-973EF0409F97}
		{DEC27DDC-0842-4861-A820-E483482C662D} = {86F9C68B-A918-4873-80B7-973EF0409F97}
		{4C73D0C2-F571-4A34-9067-406B6F0C21D8} = {56E62AD0-F48D-40DA-95F2-076353DEB4F8}
		{0708BF34-814F-4FD9-9AFD-98A6FC89D42E} = {D9DDC52C-CD3C-4D3E-9A8A-B4BD51B6D918}
		{85D015B8-71A0-4323-AB48-92785DEA59FC} = {D9DDC52C-CD3C-4D3E-9A8A-B4BD51B6D918}
		{0B9C49B7-28C8-4DAE-8477-43629ECB6BE7} = {D9DDC52C-CD3C-4D3E-9A8A-B4BD51B6D918}
		{7E8AA9B0-3CB6-44C0-B424-6CABA0BA4EC7} = {D9DDC52C-CD3C-4D3E-9A8A-B4BD51B6D918}
		{9AA61EAD-BC66-4CBE-BBDB-A1F8B272DEA3} = {D9DDC52C-CD3C-4D3E-9A8A-B4BD51B6D918}
		{384CB7B4-4A62-4E38-A635-FEF9F2EF12B2} = {56E62AD0-F48D-40DA-95F2-076353DEB4F8}
		{B4668DA2-4645-46D8-8FE3-71E4B80E93AA} = {D9DDC52C-CD3C-4D3E-9A8A-B4BD51B6D918}
		{31DBD1DB-312C-45CA-A577-606690B37E91} = {D9DDC52C-CD3C-4D3E-9A8A-B4BD51B6D918}
		{AC097FD4-BE2E-4DF1-BD05-35A3A8F87AED} = {86F9C68B-A918-4873-80B7-973EF0409F97}
		{0C4FD14A-D035-483B-8AC6-6098D9C953A5} = {86F9C68B-A918-4873-80B7-973EF0409F97}
		{8DE2801B-BE40-963B-114B-4AFC35B22FC9} = {86F9C68B-A918-4873-80B7-973EF0409F97}
		{C0E4C671-9C1A-4196-A92F-122D54E191E6} = {86F9C68B-A918-4873-80B7-973EF0409F97}
		{EDD54361-39A9-2952-0D83-8BCFA75BC668} = {86F9C68B-A918-4873-80B7-973EF0409F97}
		{3A3E7E8D-39EF-4CB7-9F0C-11720BBDFD5F} = {86F9C68B-A918-4873-80B7-973EF0409F97}
		{37B4DBEE-AAEC-D233-52F3-B7B327C5B42B} = {86F9C68B-A918-4873-80B7-973EF0409F97}
		{DB556419-F7ED-41C4-A63E-848185DDBF53} = {86F9C68B-A918-4873-80B7-973EF0409F97}
		{9C0DC118-06BA-48CB-8E32-D8A5CB98E1C3} = {86F9C68B-A918-4873-80B7-973EF0409F97}
	EndGlobalSection
	GlobalSection(ExtensibilityGlobals) = postSolution
		SolutionGuid = {C6909B26-71E9-46F1-A575-81A2F94AC431}
	EndGlobalSection
EndGlobal
