
Microsoft Visual Studio Solution File, Format Version 12.00
# Visual Studio Version 18
VisualStudioVersion = 18.3.11312.210
MinimumVisualStudioVersion = 10.0.40219.1
Project("{8BC9CEB8-8B4A-11D0-8D11-00A0C91BC942}") = "Yu-Gi-Oh_Loader", "Yu-Gi-Oh_Loader\Yu-Gi-Oh_Loader.vcxproj", "{4B364AFE-FDBF-4FDC-94A2-638A441E3536}"
	ProjectSection(ProjectDependencies) = postProject
		{0708BF34-814F-4FD9-9AFD-98A6FC89D42E} = {0708BF34-814F-4FD9-9AFD-98A6FC89D42E}
		{50AAAD3E-DC09-46DE-ABC3-6D895DFC92F8} = {50AAAD3E-DC09-46DE-ABC3-6D895DFC92F8}
		{7C1E3F52-4B8A-4E0D-9A6C-2D5B8F7E1A90} = {7C1E3F52-4B8A-4E0D-9A6C-2D5B8F7E1A90}
		{5772CD82-C4BD-401B-BCC8-B207A1D394D2} = {5772CD82-C4BD-401B-BCC8-B207A1D394D2}
	EndProjectSection
EndProject
Project("{9A19103F-16F7-4668-BE54-9A1E7A4F7556}") = "WolfX", "Tools\WolfX\WolfX.csproj", "{F2BD313D-D540-4511-81BC-801C86196BBD}"
	ProjectSection(ProjectDependencies) = postProject
		{AC097FD4-BE2E-4DF1-BD05-35A3A8F87AED} = {AC097FD4-BE2E-4DF1-BD05-35A3A8F87AED}
	EndProjectSection
EndProject
Project("{9A19103F-16F7-4668-BE54-9A1E7A4F7556}") = "Yami-Yugi", "Tools\Yami-Yugi\Yami-Yugi.csproj", "{AC1D4F98-BB29-48D2-B8BB-4EC1F60B13A3}"
EndProject
Project("{2150E333-8FDC-42A3-9474-1A3956D46DE8}") = "File Handler Programs", "File Handler Programs", "{A3EEF00F-6B23-4623-8595-A1A109282E11}"
EndProject
Project("{2150E333-8FDC-42A3-9474-1A3956D46DE8}") = "File Type Libraries", "File Type Libraries", "{86F9C68B-A918-4873-80B7-973EF0409F97}"
EndProject
Project("{FAE04EC0-301F-11D3-BF4B-00C04F79EFBC}") = "Dfymoo", "File Type Libraries\Dfymoo\Dfymoo.csproj", "{64517912-3F87-47D2-8291-5439DA64DA70}"
EndProject
Project("{2150E333-8FDC-42A3-9474-1A3956D46DE8}") = "Yu-Gi-Oh_Loader Plugins", "Yu-Gi-Oh_Loader Plugins", "{D9DDC52C-CD3C-4D3E-9A8A-B4BD51B6D918}"
EndProject
Project("{2150E333-8FDC-42A3-9474-1A3956D46DE8}") = "Yu-Gi-Oh-GUI Plugins", "Yu-Gi-Oh-GUI Plugins", "{56E62AD0-F48D-40DA-95F2-076353DEB4F8}"
EndProject
Project("{FAE04EC0-301F-11D3-BF4B-00C04F79EFBC}") = "Animlist", "File Type Libraries\Animslist\Animlist.csproj", "{BCEA874B-8F16-42F4-8E18-0207FF58330B}"
EndProject
Project("{FAE04EC0-301F-11D3-BF4B-00C04F79EFBC}") = "ZIB", "File Type Libraries\ZIB\ZIB.csproj", "{96141702-A75C-4380-A46C-6C950AD696F8}"
EndProject
Project("{FAE04EC0-301F-11D3-BF4B-00C04F79EFBC}") = "BND", "File Type Libraries\BND\BND.csproj", "{08CB208D-8718-459D-A139-6ED1D387D1FE}"
EndProject
Project("{FAE04EC0-301F-11D3-BF4B-00C04F79EFBC}") = "YDC", "File Type Libraries\YDC\YDC.csproj", "{F47A95F5-0E08-4B41-9852-8AB0A87ACCE3}"
EndProject
Project("{FAE04EC0-301F-11D3-BF4B-00C04F79EFBC}") = "CRED", "File Type Libraries\CRED\CRED.csproj", "{DEC27DDC-0842-4861-A820-E483482C662D}"
EndProject
Project("{8BC9CEB8-8B4A-11D0-8D11-00A0C91BC942}") = "Yu-Gi-Oh-SpeedHacks", "Yu-Gi-Oh-GUI Plugins\Yu-Gi-Oh-SpeedHacks\Yu-Gi-Oh-SpeedHacks.vcxproj", "{4C73D0C2-F571-4A34-9067-406B6F0C21D8}"
EndProject
Project("{8BC9CEB8-8B4A-11D0-8D11-00A0C91BC942}") = "Yu-Gi-Oh-Console", "Yu-Gi-Oh_Loader Plugins\Yu-Gi-Oh-Console\Yu-Gi-Oh-Console.vcxproj", "{0708BF34-814F-4FD9-9AFD-98A6FC89D42E}"
EndProject
Project("{8BC9CEB8-8B4A-11D0-8D11-00A0C91BC942}") = "Yu-Gi-Oh-RIX", "Yu-Gi-Oh_Loader Plugins\Yu-Gi-Oh-RIX\Yu-Gi-Oh-RIX.vcxproj", "{50AAAD3E-DC09-46DE-ABC3-6D895DFC92F8}"
EndProject
Project("{8BC9CEB8-8B4A-11D0-8D11-00A0C91BC942}") = "Yu-Gi-Oh-Core", "Yu-Gi-Oh_Loader Plugins\Yu-Gi-Oh-Core\Yu-Gi-Oh-Core.vcxproj", "{7C1E3F52-4B8A-4E0D-9A6C-2D5B8F7E1A90}"
EndProject
Project("{8BC9CEB8-8B4A-11D0-8D11-00A0C91BC942}") = "Yu-Gi-Oh-GUI", "Yu-Gi-Oh_Loader Plugins\Yu-Gi-Oh-GUI\Yu-Gi-Oh-GUI.vcxproj", "{85D015B8-71A0-4323-AB48-92785DEA59FC}"
EndProject
Project("{8BC9CEB8-8B4A-11D0-8D11-00A0C91BC942}") = "Yu-Gi-Oh-PatchMeOut", "Yu-Gi-Oh_Loader Plugins\Yu-Gi-Oh-PatchMeOut\Yu-Gi-Oh-PatchMeOut.vcxproj", "{0B9C49B7-28C8-4DAE-8477-43629ECB6BE7}"
EndProject
Project("{8BC9CEB8-8B4A-11D0-8D11-00A0C91BC942}") = "Yu-Gi-Oh-Effects", "Yu-Gi-Oh_Loader Plugins\Yu-Gi-Oh-Effects\Yu-Gi-Oh-Effects.vcxproj", "{7E8AA9B0-3CB6-44C0-B424-6CABA0BA4EC7}"
EndProject
Project("{8BC9CEB8-8B4A-11D0-8D11-00A0C91BC942}") = "Yu-Gi-Oh-BetterCardShop", "Yu-Gi-Oh-GUI Plugins\Yu-Gi-Oh-BetterCardShop\Yu-Gi-Oh-BetterCardShop.vcxproj", "{384CB7B4-4A62-4E38-A635-FEF9F2EF12B2}"
EndProject
Project("{8BC9CEB8-8B4A-11D0-8D11-00A0C91BC942}") = "Yu-Gi-Oh-MP", "Yu-Gi-Oh_Loader Plugins\Yu-Gi-Oh-MP\Yu-Gi-Oh-MP.vcxproj", "{A7C3E9F1-5B2D-4A6E-8F73-1D9C6B4E2A85}"
EndProject
Project("{8BC9CEB8-8B4A-11D0-8D11-00A0C91BC942}") = "Yu-Gi-Oh-TagDuel", "Yu-Gi-Oh_Loader Plugins\Yu-Gi-Oh-TagDuel\Yu-Gi-Oh-TagDuel.vcxproj", "{D3F8A1B4-6C29-4E9A-9E02-7F1A5D8C3B4A}"
EndProject
Project("{2150E333-8FDC-42A3-9474-1A3956D46DE8}") = "Solution Items", "Solution Items", "{FF309401-FB13-458D-9DC1-729E095133BA}"
	ProjectSection(SolutionItems) = preProject
		.editorconfig = .editorconfig
		.gitignore = .gitignore
		README.md = README.md
		Dependencies\Yu-Gi-Oh-Ex\YuGiOh\YuGiOh-CARDS.h = Dependencies\Yu-Gi-Oh-Ex\YuGiOh\YuGiOh-CARDS.h
		Dependencies\Yu-Gi-Oh-Ex\YuGiOh\YuGiOh-DUEL.h = Dependencies\Yu-Gi-Oh-Ex\YuGiOh\YuGiOh-DUEL.h
		Dependencies\Yu-Gi-Oh-Ex\YuGiOh\YuGiOh-UI.h = Dependencies\Yu-Gi-Oh-Ex\YuGiOh\YuGiOh-UI.h
	EndProjectSection
EndProject
Project("{8BC9CEB8-8B4A-11D0-8D11-00A0C91BC942}") = "Yu-Gi-Oh-Cards", "Yu-Gi-Oh_Loader Plugins\Yu-Gi-Oh-Cards\Yu-Gi-Oh-Cards.vcxproj", "{31DBD1DB-312C-45CA-A577-606690B37E91}"
EndProject
Project("{FAE04EC0-301F-11D3-BF4B-00C04F79EFBC}") = "PDLimits", "File Type Libraries\PDLimits\PDLimits.csproj", "{AC097FD4-BE2E-4DF1-BD05-35A3A8F87AED}"
EndProject
Project("{FAE04EC0-301F-11D3-BF4B-00C04F79EFBC}") = "CARD_Same.bin", "File Type Libraries\CARD_Same.bin\CARD_Same.bin.csproj", "{8DE2801B-BE40-963B-114B-4AFC35B22FC9}"
EndProject
Project("{FAE04EC0-301F-11D3-BF4B-00C04F79EFBC}") = "CARD_Named.bin", "File Type Libraries\CARD_Named.bin\CARD_Named.bin.csproj", "{C0E4C671-9C1A-4196-A92F-122D54E191E6}"
EndProject
Project("{FAE04EC0-301F-11D3-BF4B-00C04F79EFBC}") = "CARD_Props", "File Type Libraries\CARD_Props\CARD_Props.csproj", "{EDD54361-39A9-2952-0D83-8BCFA75BC668}"
EndProject
Project("{FAE04EC0-301F-11D3-BF4B-00C04F79EFBC}") = "CARD_Kana.bin", "File Type Libraries\CARD_Kana.bin\CARD_Kana.bin.csproj", "{37B4DBEE-AAEC-D233-52F3-B7B327C5B42B}"
EndProject
Project("{FAE04EC0-301F-11D3-BF4B-00C04F79EFBC}") = "savegame", "File Type Libraries\savegame\savegame.csproj", "{9C0DC118-06BA-48CB-8E32-D8A5CB98E1C3}"
EndProject
Project("{FAE04EC0-301F-11D3-BF4B-00C04F79EFBC}") = "CARD_Pass.bin", "File Type Libraries\CARD_Pass.bin\CARD_Pass.bin.csproj", "{43715A0A-EA28-8094-20F1-0F094B134F08}"
EndProject
Project("{8BC9CEB8-8B4A-11D0-8D11-00A0C91BC942}") = "Yu-Gi-Oh-Funky", "Yu-Gi-Oh-GUI Plugins\Yu-Gi-Oh-Funky\Yu-Gi-Oh-Funky.vcxproj", "{7D70C571-2BCC-4D35-A205-8DE6A46A1CE5}"
EndProject
Project("{8BC9CEB8-8B4A-11D0-8D11-00A0C91BC942}") = "Yu-Gi-Oh-AnimeCards", "Yu-Gi-Oh_Loader Plugins\Yu-Gi-Oh-AnimeCards\Yu-Gi-Oh-AnimeCards.vcxproj", "{5772CD82-C4BD-401B-BCC8-B207A1D394D2}"
EndProject
Project("{FAE04EC0-301F-11D3-BF4B-00C04F79EFBC}") = "DeckData", "File Type Libraries\DeckData\DeckData.csproj", "{E0C82D84-8417-40B3-9EE1-94707F4C7D56}"
EndProject
Project("{FAE04EC0-301F-11D3-BF4B-00C04F79EFBC}") = "StartingCollection", "File Type Libraries\StartingCollection\StartingCollection.csproj", "{4D9E2AF4-2913-49CE-B886-B74618E4BD06}"
EndProject
Project("{FAE04EC0-301F-11D3-BF4B-00C04F79EFBC}") = "PluginManifest", "Tools\PluginManifest\PluginManifest.csproj", "{B3A5C1D2-6E47-4F08-9B1A-3C2D7E8F4A61}"
EndProject
Project("{FAE04EC0-301F-11D3-BF4B-00C04F79EFBC}") = "PackDef", "File Type Libraries\PackDef\PackDef.csproj", "{FA144569-5C77-45E5-9EBC-806471A5E86B}"
EndProject
Project("{2150E333-8FDC-42A3-9474-1A3956D46DE8}") = "Tools", "Tools", "{07C2787E-EAC7-C090-1BA3-A61EC2A24D84}"
EndProject
Project("{FAE04EC0-301F-11D3-BF4B-00C04F79EFBC}") = "DuelIt", "Tools\DuelIt\DuelIt.csproj", "{32B76F71-A0AC-48A4-815D-1F25478AF571}"
EndProject
Project("{FAE04EC0-301F-11D3-BF4B-00C04F79EFBC}") = "HowToPlay", "File Type Libraries\HowToPlay\HowToPlay.csproj", "{EBE950D4-9983-42B5-B7B3-138AE0CCEFCB}"
EndProject
Project("{FAE04EC0-301F-11D3-BF4B-00C04F79EFBC}") = "Tutorial", "File Type Libraries\Tutorial\Tutorial.csproj", "{3ABD0CE8-D3F2-4910-8760-593B1663CD41}"
EndProject
Project("{FAE04EC0-301F-11D3-BF4B-00C04F79EFBC}") = "TextTable", "File Type Libraries\TextTable\TextTable.csproj", "{7E27D233-017B-40B9-A7BD-BD5FDFED27F2}"
EndProject
Project("{FAE04EC0-301F-11D3-BF4B-00C04F79EFBC}") = "CardSort", "File Type Libraries\CardSort\CardSort.csproj", "{6611DC8C-59DF-4A64-AA90-17D16CD6DF4C}"
EndProject
Project("{FAE04EC0-301F-11D3-BF4B-00C04F79EFBC}") = "CardIntId", "File Type Libraries\CardIntId\CardIntId.csproj", "{76A32A16-1BF8-4103-91A1-21A174BAA585}"
EndProject
Project("{FAE04EC0-301F-11D3-BF4B-00C04F79EFBC}") = "CardLink", "File Type Libraries\CardLink\CardLink.csproj", "{59B50A25-0BFC-43B4-9A6E-A363AC6DFBAD}"
EndProject
Project("{FAE04EC0-301F-11D3-BF4B-00C04F79EFBC}") = "RelatedCards", "File Type Libraries\RelatedCards\RelatedCards.csproj", "{FBAC07E1-F93F-4C2F-AD13-2D81B0397CFF}"
EndProject
Project("{FAE04EC0-301F-11D3-BF4B-00C04F79EFBC}") = "CardGenre", "File Type Libraries\CardGenre\CardGenre.csproj", "{DF18411C-613B-475F-901C-F339C23FA69D}"
EndProject
Project("{8BC9CEB8-8B4A-11D0-8D11-00A0C91BC942}") = "Yu-Gi-Oh-Campaign", "Yu-Gi-Oh_Loader Plugins\Yu-Gi-Oh-Campaign\Yu-Gi-Oh-Campaign.vcxproj", "{A4ED5F5B-319A-4220-8514-AD9F149FD558}"
EndProject
Project("{FAE04EC0-301F-11D3-BF4B-00C04F79EFBC}") = "CharData", "File Type Libraries\CharData\CharData.csproj", "{DEC7115E-929A-4DBD-9CF8-30674533CE67}"
EndProject
Project("{FAE04EC0-301F-11D3-BF4B-00C04F79EFBC}") = "DuelData", "File Type Libraries\DuelData\DuelData.csproj", "{49237902-A827-44B7-8330-9CB181D299E0}"
EndProject
Project("{FAE04EC0-301F-11D3-BF4B-00C04F79EFBC}") = "ScriptData", "File Type Libraries\ScriptData\ScriptData.csproj", "{B0F74590-4DC5-4260-BA10-92668436C27E}"
EndProject
Project("{FAE04EC0-301F-11D3-BF4B-00C04F79EFBC}") = "FontBin", "File Type Libraries\FontBin\FontBin.csproj", "{23F7372C-3C99-4305-965A-B702E78A9CF1}"
EndProject
Project("{8BC9CEB8-8B4A-11D0-8D11-00A0C91BC942}") = "Yu-Gi-Oh-Music", "Yu-Gi-Oh_Loader Plugins\Yu-Gi-Oh-Music\Yu-Gi-Oh-Music.vcxproj", "{CE99095E-6494-4A7D-81F0-44B9CB1889AE}"
EndProject
Project("{FAE04EC0-301F-11D3-BF4B-00C04F79EFBC}") = "ModManager", "Tools\ModManager\ModManager.csproj", "{C876872C-B2D0-4B32-95F4-DC7B04DE5635}"
EndProject
Global
	GlobalSection(SolutionConfigurationPlatforms) = preSolution
		Debug|Any CPU = Debug|Any CPU
		Debug|x64 = Debug|x64
		Debug|x86 = Debug|x86
		Release|Any CPU = Release|Any CPU
		Release|x64 = Release|x64
		Release|x86 = Release|x86
	EndGlobalSection
	GlobalSection(ProjectConfigurationPlatforms) = postSolution
		{4B364AFE-FDBF-4FDC-94A2-638A441E3536}.Debug|Any CPU.ActiveCfg = Debug|x64
		{4B364AFE-FDBF-4FDC-94A2-638A441E3536}.Debug|Any CPU.Build.0 = Debug|x64
		{4B364AFE-FDBF-4FDC-94A2-638A441E3536}.Debug|x64.ActiveCfg = Debug|x64
		{4B364AFE-FDBF-4FDC-94A2-638A441E3536}.Debug|x64.Build.0 = Debug|x64
		{4B364AFE-FDBF-4FDC-94A2-638A441E3536}.Debug|x86.ActiveCfg = Debug|x64
		{4B364AFE-FDBF-4FDC-94A2-638A441E3536}.Debug|x86.Build.0 = Debug|x64
		{4B364AFE-FDBF-4FDC-94A2-638A441E3536}.Release|Any CPU.ActiveCfg = Release|x64
		{4B364AFE-FDBF-4FDC-94A2-638A441E3536}.Release|Any CPU.Build.0 = Release|x64
		{4B364AFE-FDBF-4FDC-94A2-638A441E3536}.Release|x64.ActiveCfg = Release|x64
		{4B364AFE-FDBF-4FDC-94A2-638A441E3536}.Release|x64.Build.0 = Release|x64
		{4B364AFE-FDBF-4FDC-94A2-638A441E3536}.Release|x86.ActiveCfg = Release|x64
		{4B364AFE-FDBF-4FDC-94A2-638A441E3536}.Release|x86.Build.0 = Release|x64
		{F2BD313D-D540-4511-81BC-801C86196BBD}.Debug|Any CPU.ActiveCfg = Debug|Any CPU
		{F2BD313D-D540-4511-81BC-801C86196BBD}.Debug|Any CPU.Build.0 = Debug|Any CPU
		{F2BD313D-D540-4511-81BC-801C86196BBD}.Debug|x64.ActiveCfg = Debug|Any CPU
		{F2BD313D-D540-4511-81BC-801C86196BBD}.Debug|x64.Build.0 = Debug|Any CPU
		{F2BD313D-D540-4511-81BC-801C86196BBD}.Debug|x86.ActiveCfg = Debug|Any CPU
		{F2BD313D-D540-4511-81BC-801C86196BBD}.Debug|x86.Build.0 = Debug|Any CPU
		{F2BD313D-D540-4511-81BC-801C86196BBD}.Release|Any CPU.ActiveCfg = Release|Any CPU
		{F2BD313D-D540-4511-81BC-801C86196BBD}.Release|Any CPU.Build.0 = Release|Any CPU
		{F2BD313D-D540-4511-81BC-801C86196BBD}.Release|x64.ActiveCfg = Release|Any CPU
		{F2BD313D-D540-4511-81BC-801C86196BBD}.Release|x64.Build.0 = Release|Any CPU
		{F2BD313D-D540-4511-81BC-801C86196BBD}.Release|x86.ActiveCfg = Release|Any CPU
		{F2BD313D-D540-4511-81BC-801C86196BBD}.Release|x86.Build.0 = Release|Any CPU
		{AC1D4F98-BB29-48D2-B8BB-4EC1F60B13A3}.Debug|Any CPU.ActiveCfg = Debug|x64
		{AC1D4F98-BB29-48D2-B8BB-4EC1F60B13A3}.Debug|Any CPU.Build.0 = Debug|x64
		{AC1D4F98-BB29-48D2-B8BB-4EC1F60B13A3}.Debug|x64.ActiveCfg = Debug|x64
		{AC1D4F98-BB29-48D2-B8BB-4EC1F60B13A3}.Debug|x64.Build.0 = Debug|x64
		{AC1D4F98-BB29-48D2-B8BB-4EC1F60B13A3}.Debug|x86.ActiveCfg = Debug|x64
		{AC1D4F98-BB29-48D2-B8BB-4EC1F60B13A3}.Debug|x86.Build.0 = Debug|x64
		{AC1D4F98-BB29-48D2-B8BB-4EC1F60B13A3}.Release|Any CPU.ActiveCfg = Release|Any CPU
		{AC1D4F98-BB29-48D2-B8BB-4EC1F60B13A3}.Release|Any CPU.Build.0 = Release|Any CPU
		{AC1D4F98-BB29-48D2-B8BB-4EC1F60B13A3}.Release|x64.ActiveCfg = Release|x64
		{AC1D4F98-BB29-48D2-B8BB-4EC1F60B13A3}.Release|x64.Build.0 = Release|x64
		{AC1D4F98-BB29-48D2-B8BB-4EC1F60B13A3}.Release|x86.ActiveCfg = Release|x64
		{AC1D4F98-BB29-48D2-B8BB-4EC1F60B13A3}.Release|x86.Build.0 = Release|x64
		{64517912-3F87-47D2-8291-5439DA64DA70}.Debug|Any CPU.ActiveCfg = Debug|Any CPU
		{64517912-3F87-47D2-8291-5439DA64DA70}.Debug|Any CPU.Build.0 = Debug|Any CPU
		{64517912-3F87-47D2-8291-5439DA64DA70}.Debug|x64.ActiveCfg = Debug|Any CPU
		{64517912-3F87-47D2-8291-5439DA64DA70}.Debug|x64.Build.0 = Debug|Any CPU
		{64517912-3F87-47D2-8291-5439DA64DA70}.Debug|x86.ActiveCfg = Debug|Any CPU
		{64517912-3F87-47D2-8291-5439DA64DA70}.Debug|x86.Build.0 = Debug|Any CPU
		{64517912-3F87-47D2-8291-5439DA64DA70}.Release|Any CPU.ActiveCfg = Release|Any CPU
		{64517912-3F87-47D2-8291-5439DA64DA70}.Release|Any CPU.Build.0 = Release|Any CPU
		{64517912-3F87-47D2-8291-5439DA64DA70}.Release|x64.ActiveCfg = Release|Any CPU
		{64517912-3F87-47D2-8291-5439DA64DA70}.Release|x64.Build.0 = Release|Any CPU
		{64517912-3F87-47D2-8291-5439DA64DA70}.Release|x86.ActiveCfg = Release|Any CPU
		{64517912-3F87-47D2-8291-5439DA64DA70}.Release|x86.Build.0 = Release|Any CPU
		{BCEA874B-8F16-42F4-8E18-0207FF58330B}.Debug|Any CPU.ActiveCfg = Debug|Any CPU
		{BCEA874B-8F16-42F4-8E18-0207FF58330B}.Debug|Any CPU.Build.0 = Debug|Any CPU
		{BCEA874B-8F16-42F4-8E18-0207FF58330B}.Debug|x64.ActiveCfg = Debug|Any CPU
		{BCEA874B-8F16-42F4-8E18-0207FF58330B}.Debug|x64.Build.0 = Debug|Any CPU
		{BCEA874B-8F16-42F4-8E18-0207FF58330B}.Debug|x86.ActiveCfg = Debug|Any CPU
		{BCEA874B-8F16-42F4-8E18-0207FF58330B}.Debug|x86.Build.0 = Debug|Any CPU
		{BCEA874B-8F16-42F4-8E18-0207FF58330B}.Release|Any CPU.ActiveCfg = Release|Any CPU
		{BCEA874B-8F16-42F4-8E18-0207FF58330B}.Release|Any CPU.Build.0 = Release|Any CPU
		{BCEA874B-8F16-42F4-8E18-0207FF58330B}.Release|x64.ActiveCfg = Release|Any CPU
		{BCEA874B-8F16-42F4-8E18-0207FF58330B}.Release|x64.Build.0 = Release|Any CPU
		{BCEA874B-8F16-42F4-8E18-0207FF58330B}.Release|x86.ActiveCfg = Release|Any CPU
		{BCEA874B-8F16-42F4-8E18-0207FF58330B}.Release|x86.Build.0 = Release|Any CPU
		{96141702-A75C-4380-A46C-6C950AD696F8}.Debug|Any CPU.ActiveCfg = Debug|Any CPU
		{96141702-A75C-4380-A46C-6C950AD696F8}.Debug|Any CPU.Build.0 = Debug|Any CPU
		{96141702-A75C-4380-A46C-6C950AD696F8}.Debug|x64.ActiveCfg = Debug|Any CPU
		{96141702-A75C-4380-A46C-6C950AD696F8}.Debug|x64.Build.0 = Debug|Any CPU
		{96141702-A75C-4380-A46C-6C950AD696F8}.Debug|x86.ActiveCfg = Debug|Any CPU
		{96141702-A75C-4380-A46C-6C950AD696F8}.Debug|x86.Build.0 = Debug|Any CPU
		{96141702-A75C-4380-A46C-6C950AD696F8}.Release|Any CPU.ActiveCfg = Release|Any CPU
		{96141702-A75C-4380-A46C-6C950AD696F8}.Release|Any CPU.Build.0 = Release|Any CPU
		{96141702-A75C-4380-A46C-6C950AD696F8}.Release|x64.ActiveCfg = Release|Any CPU
		{96141702-A75C-4380-A46C-6C950AD696F8}.Release|x64.Build.0 = Release|Any CPU
		{96141702-A75C-4380-A46C-6C950AD696F8}.Release|x86.ActiveCfg = Release|Any CPU
		{96141702-A75C-4380-A46C-6C950AD696F8}.Release|x86.Build.0 = Release|Any CPU
		{08CB208D-8718-459D-A139-6ED1D387D1FE}.Debug|Any CPU.ActiveCfg = Debug|Any CPU
		{08CB208D-8718-459D-A139-6ED1D387D1FE}.Debug|Any CPU.Build.0 = Debug|Any CPU
		{08CB208D-8718-459D-A139-6ED1D387D1FE}.Debug|x64.ActiveCfg = Debug|Any CPU
		{08CB208D-8718-459D-A139-6ED1D387D1FE}.Debug|x64.Build.0 = Debug|Any CPU
		{08CB208D-8718-459D-A139-6ED1D387D1FE}.Debug|x86.ActiveCfg = Debug|Any CPU
		{08CB208D-8718-459D-A139-6ED1D387D1FE}.Debug|x86.Build.0 = Debug|Any CPU
		{08CB208D-8718-459D-A139-6ED1D387D1FE}.Release|Any CPU.ActiveCfg = Release|Any CPU
		{08CB208D-8718-459D-A139-6ED1D387D1FE}.Release|Any CPU.Build.0 = Release|Any CPU
		{08CB208D-8718-459D-A139-6ED1D387D1FE}.Release|x64.ActiveCfg = Release|Any CPU
		{08CB208D-8718-459D-A139-6ED1D387D1FE}.Release|x64.Build.0 = Release|Any CPU
		{08CB208D-8718-459D-A139-6ED1D387D1FE}.Release|x86.ActiveCfg = Release|Any CPU
		{08CB208D-8718-459D-A139-6ED1D387D1FE}.Release|x86.Build.0 = Release|Any CPU
		{F47A95F5-0E08-4B41-9852-8AB0A87ACCE3}.Debug|Any CPU.ActiveCfg = Debug|Any CPU
		{F47A95F5-0E08-4B41-9852-8AB0A87ACCE3}.Debug|Any CPU.Build.0 = Debug|Any CPU
		{F47A95F5-0E08-4B41-9852-8AB0A87ACCE3}.Debug|x64.ActiveCfg = Debug|Any CPU
		{F47A95F5-0E08-4B41-9852-8AB0A87ACCE3}.Debug|x64.Build.0 = Debug|Any CPU
		{F47A95F5-0E08-4B41-9852-8AB0A87ACCE3}.Debug|x86.ActiveCfg = Debug|Any CPU
		{F47A95F5-0E08-4B41-9852-8AB0A87ACCE3}.Debug|x86.Build.0 = Debug|Any CPU
		{F47A95F5-0E08-4B41-9852-8AB0A87ACCE3}.Release|Any CPU.ActiveCfg = Release|Any CPU
		{F47A95F5-0E08-4B41-9852-8AB0A87ACCE3}.Release|Any CPU.Build.0 = Release|Any CPU
		{F47A95F5-0E08-4B41-9852-8AB0A87ACCE3}.Release|x64.ActiveCfg = Release|Any CPU
		{F47A95F5-0E08-4B41-9852-8AB0A87ACCE3}.Release|x64.Build.0 = Release|Any CPU
		{F47A95F5-0E08-4B41-9852-8AB0A87ACCE3}.Release|x86.ActiveCfg = Release|Any CPU
		{F47A95F5-0E08-4B41-9852-8AB0A87ACCE3}.Release|x86.Build.0 = Release|Any CPU
		{DEC27DDC-0842-4861-A820-E483482C662D}.Debug|Any CPU.ActiveCfg = Debug|Any CPU
		{DEC27DDC-0842-4861-A820-E483482C662D}.Debug|Any CPU.Build.0 = Debug|Any CPU
		{DEC27DDC-0842-4861-A820-E483482C662D}.Debug|x64.ActiveCfg = Debug|Any CPU
		{DEC27DDC-0842-4861-A820-E483482C662D}.Debug|x64.Build.0 = Debug|Any CPU
		{DEC27DDC-0842-4861-A820-E483482C662D}.Debug|x86.ActiveCfg = Debug|Any CPU
		{DEC27DDC-0842-4861-A820-E483482C662D}.Debug|x86.Build.0 = Debug|Any CPU
		{DEC27DDC-0842-4861-A820-E483482C662D}.Release|Any CPU.ActiveCfg = Release|Any CPU
		{DEC27DDC-0842-4861-A820-E483482C662D}.Release|Any CPU.Build.0 = Release|Any CPU
		{DEC27DDC-0842-4861-A820-E483482C662D}.Release|x64.ActiveCfg = Release|Any CPU
		{DEC27DDC-0842-4861-A820-E483482C662D}.Release|x64.Build.0 = Release|Any CPU
		{DEC27DDC-0842-4861-A820-E483482C662D}.Release|x86.ActiveCfg = Release|Any CPU
		{DEC27DDC-0842-4861-A820-E483482C662D}.Release|x86.Build.0 = Release|Any CPU
		{4C73D0C2-F571-4A34-9067-406B6F0C21D8}.Debug|Any CPU.ActiveCfg = Debug|x64
		{4C73D0C2-F571-4A34-9067-406B6F0C21D8}.Debug|Any CPU.Build.0 = Debug|x64
		{4C73D0C2-F571-4A34-9067-406B6F0C21D8}.Debug|x64.ActiveCfg = Debug|x64
		{4C73D0C2-F571-4A34-9067-406B6F0C21D8}.Debug|x64.Build.0 = Debug|x64
		{4C73D0C2-F571-4A34-9067-406B6F0C21D8}.Debug|x86.ActiveCfg = Debug|x64
		{4C73D0C2-F571-4A34-9067-406B6F0C21D8}.Release|Any CPU.ActiveCfg = Release|x64
		{4C73D0C2-F571-4A34-9067-406B6F0C21D8}.Release|Any CPU.Build.0 = Release|x64
		{4C73D0C2-F571-4A34-9067-406B6F0C21D8}.Release|x64.ActiveCfg = Release|x64
		{4C73D0C2-F571-4A34-9067-406B6F0C21D8}.Release|x64.Build.0 = Release|x64
		{4C73D0C2-F571-4A34-9067-406B6F0C21D8}.Release|x86.ActiveCfg = Release|x64
		{0708BF34-814F-4FD9-9AFD-98A6FC89D42E}.Debug|Any CPU.ActiveCfg = Debug|x64
		{0708BF34-814F-4FD9-9AFD-98A6FC89D42E}.Debug|Any CPU.Build.0 = Debug|x64
		{0708BF34-814F-4FD9-9AFD-98A6FC89D42E}.Debug|x64.ActiveCfg = Debug|x64
		{0708BF34-814F-4FD9-9AFD-98A6FC89D42E}.Debug|x64.Build.0 = Debug|x64
		{0708BF34-814F-4FD9-9AFD-98A6FC89D42E}.Debug|x86.ActiveCfg = Debug|x64
		{0708BF34-814F-4FD9-9AFD-98A6FC89D42E}.Release|Any CPU.ActiveCfg = Release|x64
		{0708BF34-814F-4FD9-9AFD-98A6FC89D42E}.Release|Any CPU.Build.0 = Release|x64
		{0708BF34-814F-4FD9-9AFD-98A6FC89D42E}.Release|x64.ActiveCfg = Release|x64
		{0708BF34-814F-4FD9-9AFD-98A6FC89D42E}.Release|x64.Build.0 = Release|x64
		{0708BF34-814F-4FD9-9AFD-98A6FC89D42E}.Release|x86.ActiveCfg = Release|x64
		{50AAAD3E-DC09-46DE-ABC3-6D895DFC92F8}.Debug|Any CPU.ActiveCfg = Debug|x64
		{50AAAD3E-DC09-46DE-ABC3-6D895DFC92F8}.Debug|Any CPU.Build.0 = Debug|x64
		{50AAAD3E-DC09-46DE-ABC3-6D895DFC92F8}.Debug|x64.ActiveCfg = Debug|x64
		{50AAAD3E-DC09-46DE-ABC3-6D895DFC92F8}.Debug|x64.Build.0 = Debug|x64
		{50AAAD3E-DC09-46DE-ABC3-6D895DFC92F8}.Debug|x86.ActiveCfg = Debug|x64
		{50AAAD3E-DC09-46DE-ABC3-6D895DFC92F8}.Release|Any CPU.ActiveCfg = Release|x64
		{50AAAD3E-DC09-46DE-ABC3-6D895DFC92F8}.Release|Any CPU.Build.0 = Release|x64
		{50AAAD3E-DC09-46DE-ABC3-6D895DFC92F8}.Release|x64.ActiveCfg = Release|x64
		{50AAAD3E-DC09-46DE-ABC3-6D895DFC92F8}.Release|x64.Build.0 = Release|x64
		{50AAAD3E-DC09-46DE-ABC3-6D895DFC92F8}.Release|x86.ActiveCfg = Release|x64
		{7C1E3F52-4B8A-4E0D-9A6C-2D5B8F7E1A90}.Debug|Any CPU.ActiveCfg = Debug|x64
		{7C1E3F52-4B8A-4E0D-9A6C-2D5B8F7E1A90}.Debug|Any CPU.Build.0 = Debug|x64
		{7C1E3F52-4B8A-4E0D-9A6C-2D5B8F7E1A90}.Debug|x64.ActiveCfg = Debug|x64
		{7C1E3F52-4B8A-4E0D-9A6C-2D5B8F7E1A90}.Debug|x64.Build.0 = Debug|x64
		{7C1E3F52-4B8A-4E0D-9A6C-2D5B8F7E1A90}.Debug|x86.ActiveCfg = Debug|x64
		{7C1E3F52-4B8A-4E0D-9A6C-2D5B8F7E1A90}.Release|Any CPU.ActiveCfg = Release|x64
		{7C1E3F52-4B8A-4E0D-9A6C-2D5B8F7E1A90}.Release|Any CPU.Build.0 = Release|x64
		{7C1E3F52-4B8A-4E0D-9A6C-2D5B8F7E1A90}.Release|x64.ActiveCfg = Release|x64
		{7C1E3F52-4B8A-4E0D-9A6C-2D5B8F7E1A90}.Release|x64.Build.0 = Release|x64
		{7C1E3F52-4B8A-4E0D-9A6C-2D5B8F7E1A90}.Release|x86.ActiveCfg = Release|x64
		{85D015B8-71A0-4323-AB48-92785DEA59FC}.Debug|Any CPU.ActiveCfg = Debug|x64
		{85D015B8-71A0-4323-AB48-92785DEA59FC}.Debug|Any CPU.Build.0 = Debug|x64
		{85D015B8-71A0-4323-AB48-92785DEA59FC}.Debug|x64.ActiveCfg = Debug|x64
		{85D015B8-71A0-4323-AB48-92785DEA59FC}.Debug|x64.Build.0 = Debug|x64
		{85D015B8-71A0-4323-AB48-92785DEA59FC}.Debug|x86.ActiveCfg = Debug|x64
		{85D015B8-71A0-4323-AB48-92785DEA59FC}.Release|Any CPU.ActiveCfg = Release|x64
		{85D015B8-71A0-4323-AB48-92785DEA59FC}.Release|Any CPU.Build.0 = Release|x64
		{85D015B8-71A0-4323-AB48-92785DEA59FC}.Release|x64.ActiveCfg = Release|x64
		{85D015B8-71A0-4323-AB48-92785DEA59FC}.Release|x64.Build.0 = Release|x64
		{85D015B8-71A0-4323-AB48-92785DEA59FC}.Release|x86.ActiveCfg = Release|x64
		{0B9C49B7-28C8-4DAE-8477-43629ECB6BE7}.Debug|Any CPU.ActiveCfg = Debug|x64
		{0B9C49B7-28C8-4DAE-8477-43629ECB6BE7}.Debug|Any CPU.Build.0 = Debug|x64
		{0B9C49B7-28C8-4DAE-8477-43629ECB6BE7}.Debug|x64.ActiveCfg = Debug|x64
		{0B9C49B7-28C8-4DAE-8477-43629ECB6BE7}.Debug|x64.Build.0 = Debug|x64
		{0B9C49B7-28C8-4DAE-8477-43629ECB6BE7}.Debug|x86.ActiveCfg = Debug|x64
		{0B9C49B7-28C8-4DAE-8477-43629ECB6BE7}.Release|Any CPU.ActiveCfg = Release|x64
		{0B9C49B7-28C8-4DAE-8477-43629ECB6BE7}.Release|Any CPU.Build.0 = Release|x64
		{0B9C49B7-28C8-4DAE-8477-43629ECB6BE7}.Release|x64.ActiveCfg = Release|x64
		{0B9C49B7-28C8-4DAE-8477-43629ECB6BE7}.Release|x64.Build.0 = Release|x64
		{0B9C49B7-28C8-4DAE-8477-43629ECB6BE7}.Release|x86.ActiveCfg = Release|x64
		{7E8AA9B0-3CB6-44C0-B424-6CABA0BA4EC7}.Debug|Any CPU.ActiveCfg = Debug|x64
		{7E8AA9B0-3CB6-44C0-B424-6CABA0BA4EC7}.Debug|Any CPU.Build.0 = Debug|x64
		{7E8AA9B0-3CB6-44C0-B424-6CABA0BA4EC7}.Debug|x64.ActiveCfg = Debug|x64
		{7E8AA9B0-3CB6-44C0-B424-6CABA0BA4EC7}.Debug|x64.Build.0 = Debug|x64
		{7E8AA9B0-3CB6-44C0-B424-6CABA0BA4EC7}.Debug|x86.ActiveCfg = Debug|x64
		{7E8AA9B0-3CB6-44C0-B424-6CABA0BA4EC7}.Release|Any CPU.ActiveCfg = Release|x64
		{7E8AA9B0-3CB6-44C0-B424-6CABA0BA4EC7}.Release|Any CPU.Build.0 = Release|x64
		{7E8AA9B0-3CB6-44C0-B424-6CABA0BA4EC7}.Release|x64.ActiveCfg = Release|x64
		{7E8AA9B0-3CB6-44C0-B424-6CABA0BA4EC7}.Release|x64.Build.0 = Release|x64
		{7E8AA9B0-3CB6-44C0-B424-6CABA0BA4EC7}.Release|x86.ActiveCfg = Release|x64
		{384CB7B4-4A62-4E38-A635-FEF9F2EF12B2}.Debug|Any CPU.ActiveCfg = Debug|x64
		{384CB7B4-4A62-4E38-A635-FEF9F2EF12B2}.Debug|Any CPU.Build.0 = Debug|x64
		{384CB7B4-4A62-4E38-A635-FEF9F2EF12B2}.Debug|x64.ActiveCfg = Debug|x64
		{384CB7B4-4A62-4E38-A635-FEF9F2EF12B2}.Debug|x64.Build.0 = Debug|x64
		{384CB7B4-4A62-4E38-A635-FEF9F2EF12B2}.Debug|x86.ActiveCfg = Debug|x64
		{384CB7B4-4A62-4E38-A635-FEF9F2EF12B2}.Release|Any CPU.ActiveCfg = Release|x64
		{384CB7B4-4A62-4E38-A635-FEF9F2EF12B2}.Release|Any CPU.Build.0 = Release|x64
		{384CB7B4-4A62-4E38-A635-FEF9F2EF12B2}.Release|x64.ActiveCfg = Release|x64
		{384CB7B4-4A62-4E38-A635-FEF9F2EF12B2}.Release|x64.Build.0 = Release|x64
		{384CB7B4-4A62-4E38-A635-FEF9F2EF12B2}.Release|x86.ActiveCfg = Release|x64
		{A7C3E9F1-5B2D-4A6E-8F73-1D9C6B4E2A85}.Debug|Any CPU.ActiveCfg = Debug|x64
		{A7C3E9F1-5B2D-4A6E-8F73-1D9C6B4E2A85}.Debug|Any CPU.Build.0 = Debug|x64
		{A7C3E9F1-5B2D-4A6E-8F73-1D9C6B4E2A85}.Debug|x64.ActiveCfg = Debug|x64
		{A7C3E9F1-5B2D-4A6E-8F73-1D9C6B4E2A85}.Debug|x64.Build.0 = Debug|x64
		{A7C3E9F1-5B2D-4A6E-8F73-1D9C6B4E2A85}.Debug|x86.ActiveCfg = Debug|x64
		{A7C3E9F1-5B2D-4A6E-8F73-1D9C6B4E2A85}.Release|Any CPU.ActiveCfg = Release|x64
		{A7C3E9F1-5B2D-4A6E-8F73-1D9C6B4E2A85}.Release|Any CPU.Build.0 = Release|x64
		{A7C3E9F1-5B2D-4A6E-8F73-1D9C6B4E2A85}.Release|x64.ActiveCfg = Release|x64
		{A7C3E9F1-5B2D-4A6E-8F73-1D9C6B4E2A85}.Release|x64.Build.0 = Release|x64
		{A7C3E9F1-5B2D-4A6E-8F73-1D9C6B4E2A85}.Release|x86.ActiveCfg = Release|x64
		{D3F8A1B4-6C29-4E9A-9E02-7F1A5D8C3B4A}.Debug|Any CPU.ActiveCfg = Debug|x64
		{D3F8A1B4-6C29-4E9A-9E02-7F1A5D8C3B4A}.Debug|Any CPU.Build.0 = Debug|x64
		{D3F8A1B4-6C29-4E9A-9E02-7F1A5D8C3B4A}.Debug|x64.ActiveCfg = Debug|x64
		{D3F8A1B4-6C29-4E9A-9E02-7F1A5D8C3B4A}.Debug|x64.Build.0 = Debug|x64
		{D3F8A1B4-6C29-4E9A-9E02-7F1A5D8C3B4A}.Debug|x86.ActiveCfg = Debug|x64
		{D3F8A1B4-6C29-4E9A-9E02-7F1A5D8C3B4A}.Release|Any CPU.ActiveCfg = Release|x64
		{D3F8A1B4-6C29-4E9A-9E02-7F1A5D8C3B4A}.Release|Any CPU.Build.0 = Release|x64
		{D3F8A1B4-6C29-4E9A-9E02-7F1A5D8C3B4A}.Release|x64.ActiveCfg = Release|x64
		{D3F8A1B4-6C29-4E9A-9E02-7F1A5D8C3B4A}.Release|x64.Build.0 = Release|x64
		{D3F8A1B4-6C29-4E9A-9E02-7F1A5D8C3B4A}.Release|x86.ActiveCfg = Release|x64
		{31DBD1DB-312C-45CA-A577-606690B37E91}.Debug|Any CPU.ActiveCfg = Debug|x64
		{31DBD1DB-312C-45CA-A577-606690B37E91}.Debug|Any CPU.Build.0 = Debug|x64
		{31DBD1DB-312C-45CA-A577-606690B37E91}.Debug|x64.ActiveCfg = Debug|x64
		{31DBD1DB-312C-45CA-A577-606690B37E91}.Debug|x64.Build.0 = Debug|x64
		{31DBD1DB-312C-45CA-A577-606690B37E91}.Debug|x86.ActiveCfg = Debug|x64
		{31DBD1DB-312C-45CA-A577-606690B37E91}.Release|Any CPU.ActiveCfg = Release|x64
		{31DBD1DB-312C-45CA-A577-606690B37E91}.Release|Any CPU.Build.0 = Release|x64
		{31DBD1DB-312C-45CA-A577-606690B37E91}.Release|x64.ActiveCfg = Release|x64
		{31DBD1DB-312C-45CA-A577-606690B37E91}.Release|x64.Build.0 = Release|x64
		{31DBD1DB-312C-45CA-A577-606690B37E91}.Release|x86.ActiveCfg = Release|x64
		{AC097FD4-BE2E-4DF1-BD05-35A3A8F87AED}.Debug|Any CPU.ActiveCfg = Debug|Any CPU
		{AC097FD4-BE2E-4DF1-BD05-35A3A8F87AED}.Debug|Any CPU.Build.0 = Debug|Any CPU
		{AC097FD4-BE2E-4DF1-BD05-35A3A8F87AED}.Debug|x64.ActiveCfg = Debug|Any CPU
		{AC097FD4-BE2E-4DF1-BD05-35A3A8F87AED}.Debug|x64.Build.0 = Debug|Any CPU
		{AC097FD4-BE2E-4DF1-BD05-35A3A8F87AED}.Debug|x86.ActiveCfg = Debug|Any CPU
		{AC097FD4-BE2E-4DF1-BD05-35A3A8F87AED}.Debug|x86.Build.0 = Debug|Any CPU
		{AC097FD4-BE2E-4DF1-BD05-35A3A8F87AED}.Release|Any CPU.ActiveCfg = Release|Any CPU
		{AC097FD4-BE2E-4DF1-BD05-35A3A8F87AED}.Release|Any CPU.Build.0 = Release|Any CPU
		{AC097FD4-BE2E-4DF1-BD05-35A3A8F87AED}.Release|x64.ActiveCfg = Release|Any CPU
		{AC097FD4-BE2E-4DF1-BD05-35A3A8F87AED}.Release|x64.Build.0 = Release|Any CPU
		{AC097FD4-BE2E-4DF1-BD05-35A3A8F87AED}.Release|x86.ActiveCfg = Release|Any CPU
		{AC097FD4-BE2E-4DF1-BD05-35A3A8F87AED}.Release|x86.Build.0 = Release|Any CPU
		{8DE2801B-BE40-963B-114B-4AFC35B22FC9}.Debug|Any CPU.ActiveCfg = Debug|Any CPU
		{8DE2801B-BE40-963B-114B-4AFC35B22FC9}.Debug|Any CPU.Build.0 = Debug|Any CPU
		{8DE2801B-BE40-963B-114B-4AFC35B22FC9}.Debug|x64.ActiveCfg = Debug|Any CPU
		{8DE2801B-BE40-963B-114B-4AFC35B22FC9}.Debug|x64.Build.0 = Debug|Any CPU
		{8DE2801B-BE40-963B-114B-4AFC35B22FC9}.Debug|x86.ActiveCfg = Debug|Any CPU
		{8DE2801B-BE40-963B-114B-4AFC35B22FC9}.Debug|x86.Build.0 = Debug|Any CPU
		{8DE2801B-BE40-963B-114B-4AFC35B22FC9}.Release|Any CPU.ActiveCfg = Release|Any CPU
		{8DE2801B-BE40-963B-114B-4AFC35B22FC9}.Release|Any CPU.Build.0 = Release|Any CPU
		{8DE2801B-BE40-963B-114B-4AFC35B22FC9}.Release|x64.ActiveCfg = Release|Any CPU
		{8DE2801B-BE40-963B-114B-4AFC35B22FC9}.Release|x64.Build.0 = Release|Any CPU
		{8DE2801B-BE40-963B-114B-4AFC35B22FC9}.Release|x86.ActiveCfg = Release|Any CPU
		{8DE2801B-BE40-963B-114B-4AFC35B22FC9}.Release|x86.Build.0 = Release|Any CPU
		{C0E4C671-9C1A-4196-A92F-122D54E191E6}.Debug|Any CPU.ActiveCfg = Debug|Any CPU
		{C0E4C671-9C1A-4196-A92F-122D54E191E6}.Debug|Any CPU.Build.0 = Debug|Any CPU
		{C0E4C671-9C1A-4196-A92F-122D54E191E6}.Debug|x64.ActiveCfg = Debug|Any CPU
		{C0E4C671-9C1A-4196-A92F-122D54E191E6}.Debug|x64.Build.0 = Debug|Any CPU
		{C0E4C671-9C1A-4196-A92F-122D54E191E6}.Debug|x86.ActiveCfg = Debug|Any CPU
		{C0E4C671-9C1A-4196-A92F-122D54E191E6}.Debug|x86.Build.0 = Debug|Any CPU
		{C0E4C671-9C1A-4196-A92F-122D54E191E6}.Release|Any CPU.ActiveCfg = Release|Any CPU
		{C0E4C671-9C1A-4196-A92F-122D54E191E6}.Release|Any CPU.Build.0 = Release|Any CPU
		{C0E4C671-9C1A-4196-A92F-122D54E191E6}.Release|x64.ActiveCfg = Release|Any CPU
		{C0E4C671-9C1A-4196-A92F-122D54E191E6}.Release|x64.Build.0 = Release|Any CPU
		{C0E4C671-9C1A-4196-A92F-122D54E191E6}.Release|x86.ActiveCfg = Release|Any CPU
		{C0E4C671-9C1A-4196-A92F-122D54E191E6}.Release|x86.Build.0 = Release|Any CPU
		{EDD54361-39A9-2952-0D83-8BCFA75BC668}.Debug|Any CPU.ActiveCfg = Debug|Any CPU
		{EDD54361-39A9-2952-0D83-8BCFA75BC668}.Debug|Any CPU.Build.0 = Debug|Any CPU
		{EDD54361-39A9-2952-0D83-8BCFA75BC668}.Debug|x64.ActiveCfg = Debug|Any CPU
		{EDD54361-39A9-2952-0D83-8BCFA75BC668}.Debug|x64.Build.0 = Debug|Any CPU
		{EDD54361-39A9-2952-0D83-8BCFA75BC668}.Debug|x86.ActiveCfg = Debug|Any CPU
		{EDD54361-39A9-2952-0D83-8BCFA75BC668}.Debug|x86.Build.0 = Debug|Any CPU
		{EDD54361-39A9-2952-0D83-8BCFA75BC668}.Release|Any CPU.ActiveCfg = Release|Any CPU
		{EDD54361-39A9-2952-0D83-8BCFA75BC668}.Release|Any CPU.Build.0 = Release|Any CPU
		{EDD54361-39A9-2952-0D83-8BCFA75BC668}.Release|x64.ActiveCfg = Release|Any CPU
		{EDD54361-39A9-2952-0D83-8BCFA75BC668}.Release|x64.Build.0 = Release|Any CPU
		{EDD54361-39A9-2952-0D83-8BCFA75BC668}.Release|x86.ActiveCfg = Release|Any CPU
		{EDD54361-39A9-2952-0D83-8BCFA75BC668}.Release|x86.Build.0 = Release|Any CPU
		{37B4DBEE-AAEC-D233-52F3-B7B327C5B42B}.Debug|Any CPU.ActiveCfg = Debug|Any CPU
		{37B4DBEE-AAEC-D233-52F3-B7B327C5B42B}.Debug|Any CPU.Build.0 = Debug|Any CPU
		{37B4DBEE-AAEC-D233-52F3-B7B327C5B42B}.Debug|x64.ActiveCfg = Debug|Any CPU
		{37B4DBEE-AAEC-D233-52F3-B7B327C5B42B}.Debug|x64.Build.0 = Debug|Any CPU
		{37B4DBEE-AAEC-D233-52F3-B7B327C5B42B}.Debug|x86.ActiveCfg = Debug|Any CPU
		{37B4DBEE-AAEC-D233-52F3-B7B327C5B42B}.Debug|x86.Build.0 = Debug|Any CPU
		{37B4DBEE-AAEC-D233-52F3-B7B327C5B42B}.Release|Any CPU.ActiveCfg = Release|Any CPU
		{37B4DBEE-AAEC-D233-52F3-B7B327C5B42B}.Release|Any CPU.Build.0 = Release|Any CPU
		{37B4DBEE-AAEC-D233-52F3-B7B327C5B42B}.Release|x64.ActiveCfg = Release|Any CPU
		{37B4DBEE-AAEC-D233-52F3-B7B327C5B42B}.Release|x64.Build.0 = Release|Any CPU
		{37B4DBEE-AAEC-D233-52F3-B7B327C5B42B}.Release|x86.ActiveCfg = Release|Any CPU
		{37B4DBEE-AAEC-D233-52F3-B7B327C5B42B}.Release|x86.Build.0 = Release|Any CPU
		{9C0DC118-06BA-48CB-8E32-D8A5CB98E1C3}.Debug|Any CPU.ActiveCfg = Debug|Any CPU
		{9C0DC118-06BA-48CB-8E32-D8A5CB98E1C3}.Debug|Any CPU.Build.0 = Debug|Any CPU
		{9C0DC118-06BA-48CB-8E32-D8A5CB98E1C3}.Debug|x64.ActiveCfg = Debug|Any CPU
		{9C0DC118-06BA-48CB-8E32-D8A5CB98E1C3}.Debug|x64.Build.0 = Debug|Any CPU
		{9C0DC118-06BA-48CB-8E32-D8A5CB98E1C3}.Debug|x86.ActiveCfg = Debug|Any CPU
		{9C0DC118-06BA-48CB-8E32-D8A5CB98E1C3}.Debug|x86.Build.0 = Debug|Any CPU
		{9C0DC118-06BA-48CB-8E32-D8A5CB98E1C3}.Release|Any CPU.ActiveCfg = Release|Any CPU
		{9C0DC118-06BA-48CB-8E32-D8A5CB98E1C3}.Release|Any CPU.Build.0 = Release|Any CPU
		{9C0DC118-06BA-48CB-8E32-D8A5CB98E1C3}.Release|x64.ActiveCfg = Release|Any CPU
		{9C0DC118-06BA-48CB-8E32-D8A5CB98E1C3}.Release|x64.Build.0 = Release|Any CPU
		{9C0DC118-06BA-48CB-8E32-D8A5CB98E1C3}.Release|x86.ActiveCfg = Release|Any CPU
		{9C0DC118-06BA-48CB-8E32-D8A5CB98E1C3}.Release|x86.Build.0 = Release|Any CPU
		{43715A0A-EA28-8094-20F1-0F094B134F08}.Debug|Any CPU.ActiveCfg = Debug|Any CPU
		{43715A0A-EA28-8094-20F1-0F094B134F08}.Debug|Any CPU.Build.0 = Debug|Any CPU
		{43715A0A-EA28-8094-20F1-0F094B134F08}.Debug|x64.ActiveCfg = Debug|Any CPU
		{43715A0A-EA28-8094-20F1-0F094B134F08}.Debug|x64.Build.0 = Debug|Any CPU
		{43715A0A-EA28-8094-20F1-0F094B134F08}.Debug|x86.ActiveCfg = Debug|Any CPU
		{43715A0A-EA28-8094-20F1-0F094B134F08}.Debug|x86.Build.0 = Debug|Any CPU
		{43715A0A-EA28-8094-20F1-0F094B134F08}.Release|Any CPU.ActiveCfg = Release|Any CPU
		{43715A0A-EA28-8094-20F1-0F094B134F08}.Release|Any CPU.Build.0 = Release|Any CPU
		{43715A0A-EA28-8094-20F1-0F094B134F08}.Release|x64.ActiveCfg = Release|Any CPU
		{43715A0A-EA28-8094-20F1-0F094B134F08}.Release|x64.Build.0 = Release|Any CPU
		{43715A0A-EA28-8094-20F1-0F094B134F08}.Release|x86.ActiveCfg = Release|Any CPU
		{43715A0A-EA28-8094-20F1-0F094B134F08}.Release|x86.Build.0 = Release|Any CPU
		{7D70C571-2BCC-4D35-A205-8DE6A46A1CE5}.Debug|Any CPU.ActiveCfg = Debug|x64
		{7D70C571-2BCC-4D35-A205-8DE6A46A1CE5}.Debug|Any CPU.Build.0 = Debug|x64
		{7D70C571-2BCC-4D35-A205-8DE6A46A1CE5}.Debug|x64.ActiveCfg = Debug|x64
		{7D70C571-2BCC-4D35-A205-8DE6A46A1CE5}.Debug|x64.Build.0 = Debug|x64
		{7D70C571-2BCC-4D35-A205-8DE6A46A1CE5}.Debug|x86.ActiveCfg = Debug|x64
		{7D70C571-2BCC-4D35-A205-8DE6A46A1CE5}.Release|Any CPU.ActiveCfg = Release|x64
		{7D70C571-2BCC-4D35-A205-8DE6A46A1CE5}.Release|Any CPU.Build.0 = Release|x64
		{7D70C571-2BCC-4D35-A205-8DE6A46A1CE5}.Release|x64.ActiveCfg = Release|x64
		{7D70C571-2BCC-4D35-A205-8DE6A46A1CE5}.Release|x64.Build.0 = Release|x64
		{7D70C571-2BCC-4D35-A205-8DE6A46A1CE5}.Release|x86.ActiveCfg = Release|x64
		{5772CD82-C4BD-401B-BCC8-B207A1D394D2}.Debug|Any CPU.ActiveCfg = Debug|x64
		{5772CD82-C4BD-401B-BCC8-B207A1D394D2}.Debug|Any CPU.Build.0 = Debug|x64
		{5772CD82-C4BD-401B-BCC8-B207A1D394D2}.Debug|x64.ActiveCfg = Debug|x64
		{5772CD82-C4BD-401B-BCC8-B207A1D394D2}.Debug|x64.Build.0 = Debug|x64
		{5772CD82-C4BD-401B-BCC8-B207A1D394D2}.Debug|x86.ActiveCfg = Debug|x64
		{5772CD82-C4BD-401B-BCC8-B207A1D394D2}.Release|Any CPU.ActiveCfg = Release|x64
		{5772CD82-C4BD-401B-BCC8-B207A1D394D2}.Release|Any CPU.Build.0 = Release|x64
		{5772CD82-C4BD-401B-BCC8-B207A1D394D2}.Release|x64.ActiveCfg = Release|x64
		{5772CD82-C4BD-401B-BCC8-B207A1D394D2}.Release|x64.Build.0 = Release|x64
		{5772CD82-C4BD-401B-BCC8-B207A1D394D2}.Release|x86.ActiveCfg = Release|x64
		{E0C82D84-8417-40B3-9EE1-94707F4C7D56}.Debug|Any CPU.ActiveCfg = Debug|Any CPU
		{E0C82D84-8417-40B3-9EE1-94707F4C7D56}.Debug|Any CPU.Build.0 = Debug|Any CPU
		{E0C82D84-8417-40B3-9EE1-94707F4C7D56}.Debug|x64.ActiveCfg = Debug|Any CPU
		{E0C82D84-8417-40B3-9EE1-94707F4C7D56}.Debug|x64.Build.0 = Debug|Any CPU
		{E0C82D84-8417-40B3-9EE1-94707F4C7D56}.Debug|x86.ActiveCfg = Debug|Any CPU
		{E0C82D84-8417-40B3-9EE1-94707F4C7D56}.Debug|x86.Build.0 = Debug|Any CPU
		{E0C82D84-8417-40B3-9EE1-94707F4C7D56}.Release|Any CPU.ActiveCfg = Release|Any CPU
		{E0C82D84-8417-40B3-9EE1-94707F4C7D56}.Release|Any CPU.Build.0 = Release|Any CPU
		{E0C82D84-8417-40B3-9EE1-94707F4C7D56}.Release|x64.ActiveCfg = Release|Any CPU
		{E0C82D84-8417-40B3-9EE1-94707F4C7D56}.Release|x64.Build.0 = Release|Any CPU
		{E0C82D84-8417-40B3-9EE1-94707F4C7D56}.Release|x86.ActiveCfg = Release|Any CPU
		{E0C82D84-8417-40B3-9EE1-94707F4C7D56}.Release|x86.Build.0 = Release|Any CPU
		{4D9E2AF4-2913-49CE-B886-B74618E4BD06}.Debug|Any CPU.ActiveCfg = Debug|Any CPU
		{4D9E2AF4-2913-49CE-B886-B74618E4BD06}.Debug|Any CPU.Build.0 = Debug|Any CPU
		{4D9E2AF4-2913-49CE-B886-B74618E4BD06}.Debug|x64.ActiveCfg = Debug|Any CPU
		{4D9E2AF4-2913-49CE-B886-B74618E4BD06}.Debug|x64.Build.0 = Debug|Any CPU
		{4D9E2AF4-2913-49CE-B886-B74618E4BD06}.Debug|x86.ActiveCfg = Debug|Any CPU
		{4D9E2AF4-2913-49CE-B886-B74618E4BD06}.Debug|x86.Build.0 = Debug|Any CPU
		{4D9E2AF4-2913-49CE-B886-B74618E4BD06}.Release|Any CPU.ActiveCfg = Release|Any CPU
		{4D9E2AF4-2913-49CE-B886-B74618E4BD06}.Release|Any CPU.Build.0 = Release|Any CPU
		{4D9E2AF4-2913-49CE-B886-B74618E4BD06}.Release|x64.ActiveCfg = Release|Any CPU
		{4D9E2AF4-2913-49CE-B886-B74618E4BD06}.Release|x64.Build.0 = Release|Any CPU
		{4D9E2AF4-2913-49CE-B886-B74618E4BD06}.Release|x86.ActiveCfg = Release|Any CPU
		{4D9E2AF4-2913-49CE-B886-B74618E4BD06}.Release|x86.Build.0 = Release|Any CPU
		{B3A5C1D2-6E47-4F08-9B1A-3C2D7E8F4A61}.Debug|Any CPU.ActiveCfg = Debug|Any CPU
		{B3A5C1D2-6E47-4F08-9B1A-3C2D7E8F4A61}.Debug|Any CPU.Build.0 = Debug|Any CPU
		{B3A5C1D2-6E47-4F08-9B1A-3C2D7E8F4A61}.Debug|x64.ActiveCfg = Debug|Any CPU
		{B3A5C1D2-6E47-4F08-9B1A-3C2D7E8F4A61}.Debug|x64.Build.0 = Debug|Any CPU
		{B3A5C1D2-6E47-4F08-9B1A-3C2D7E8F4A61}.Debug|x86.ActiveCfg = Debug|Any CPU
		{B3A5C1D2-6E47-4F08-9B1A-3C2D7E8F4A61}.Debug|x86.Build.0 = Debug|Any CPU
		{B3A5C1D2-6E47-4F08-9B1A-3C2D7E8F4A61}.Release|Any CPU.ActiveCfg = Release|Any CPU
		{B3A5C1D2-6E47-4F08-9B1A-3C2D7E8F4A61}.Release|Any CPU.Build.0 = Release|Any CPU
		{B3A5C1D2-6E47-4F08-9B1A-3C2D7E8F4A61}.Release|x64.ActiveCfg = Release|Any CPU
		{B3A5C1D2-6E47-4F08-9B1A-3C2D7E8F4A61}.Release|x64.Build.0 = Release|Any CPU
		{B3A5C1D2-6E47-4F08-9B1A-3C2D7E8F4A61}.Release|x86.ActiveCfg = Release|Any CPU
		{B3A5C1D2-6E47-4F08-9B1A-3C2D7E8F4A61}.Release|x86.Build.0 = Release|Any CPU
		{FA144569-5C77-45E5-9EBC-806471A5E86B}.Debug|Any CPU.ActiveCfg = Debug|Any CPU
		{FA144569-5C77-45E5-9EBC-806471A5E86B}.Debug|Any CPU.Build.0 = Debug|Any CPU
		{FA144569-5C77-45E5-9EBC-806471A5E86B}.Debug|x64.ActiveCfg = Debug|Any CPU
		{FA144569-5C77-45E5-9EBC-806471A5E86B}.Debug|x64.Build.0 = Debug|Any CPU
		{FA144569-5C77-45E5-9EBC-806471A5E86B}.Debug|x86.ActiveCfg = Debug|Any CPU
		{FA144569-5C77-45E5-9EBC-806471A5E86B}.Debug|x86.Build.0 = Debug|Any CPU
		{FA144569-5C77-45E5-9EBC-806471A5E86B}.Release|Any CPU.ActiveCfg = Release|Any CPU
		{FA144569-5C77-45E5-9EBC-806471A5E86B}.Release|Any CPU.Build.0 = Release|Any CPU
		{FA144569-5C77-45E5-9EBC-806471A5E86B}.Release|x64.ActiveCfg = Release|Any CPU
		{FA144569-5C77-45E5-9EBC-806471A5E86B}.Release|x64.Build.0 = Release|Any CPU
		{FA144569-5C77-45E5-9EBC-806471A5E86B}.Release|x86.ActiveCfg = Release|Any CPU
		{FA144569-5C77-45E5-9EBC-806471A5E86B}.Release|x86.Build.0 = Release|Any CPU
		{32B76F71-A0AC-48A4-815D-1F25478AF571}.Debug|Any CPU.ActiveCfg = Debug|Any CPU
		{32B76F71-A0AC-48A4-815D-1F25478AF571}.Debug|Any CPU.Build.0 = Debug|Any CPU
		{32B76F71-A0AC-48A4-815D-1F25478AF571}.Debug|x64.ActiveCfg = Debug|Any CPU
		{32B76F71-A0AC-48A4-815D-1F25478AF571}.Debug|x64.Build.0 = Debug|Any CPU
		{32B76F71-A0AC-48A4-815D-1F25478AF571}.Debug|x86.ActiveCfg = Debug|Any CPU
		{32B76F71-A0AC-48A4-815D-1F25478AF571}.Debug|x86.Build.0 = Debug|Any CPU
		{32B76F71-A0AC-48A4-815D-1F25478AF571}.Release|Any CPU.ActiveCfg = Release|Any CPU
		{32B76F71-A0AC-48A4-815D-1F25478AF571}.Release|Any CPU.Build.0 = Release|Any CPU
		{32B76F71-A0AC-48A4-815D-1F25478AF571}.Release|x64.ActiveCfg = Release|Any CPU
		{32B76F71-A0AC-48A4-815D-1F25478AF571}.Release|x64.Build.0 = Release|Any CPU
		{32B76F71-A0AC-48A4-815D-1F25478AF571}.Release|x86.ActiveCfg = Release|Any CPU
		{32B76F71-A0AC-48A4-815D-1F25478AF571}.Release|x86.Build.0 = Release|Any CPU
		{EBE950D4-9983-42B5-B7B3-138AE0CCEFCB}.Debug|Any CPU.ActiveCfg = Debug|Any CPU
		{EBE950D4-9983-42B5-B7B3-138AE0CCEFCB}.Debug|Any CPU.Build.0 = Debug|Any CPU
		{EBE950D4-9983-42B5-B7B3-138AE0CCEFCB}.Debug|x64.ActiveCfg = Debug|Any CPU
		{EBE950D4-9983-42B5-B7B3-138AE0CCEFCB}.Debug|x64.Build.0 = Debug|Any CPU
		{EBE950D4-9983-42B5-B7B3-138AE0CCEFCB}.Debug|x86.ActiveCfg = Debug|Any CPU
		{EBE950D4-9983-42B5-B7B3-138AE0CCEFCB}.Debug|x86.Build.0 = Debug|Any CPU
		{EBE950D4-9983-42B5-B7B3-138AE0CCEFCB}.Release|Any CPU.ActiveCfg = Release|Any CPU
		{EBE950D4-9983-42B5-B7B3-138AE0CCEFCB}.Release|Any CPU.Build.0 = Release|Any CPU
		{EBE950D4-9983-42B5-B7B3-138AE0CCEFCB}.Release|x64.ActiveCfg = Release|Any CPU
		{EBE950D4-9983-42B5-B7B3-138AE0CCEFCB}.Release|x64.Build.0 = Release|Any CPU
		{EBE950D4-9983-42B5-B7B3-138AE0CCEFCB}.Release|x86.ActiveCfg = Release|Any CPU
		{EBE950D4-9983-42B5-B7B3-138AE0CCEFCB}.Release|x86.Build.0 = Release|Any CPU
		{3ABD0CE8-D3F2-4910-8760-593B1663CD41}.Debug|Any CPU.ActiveCfg = Debug|Any CPU
		{3ABD0CE8-D3F2-4910-8760-593B1663CD41}.Debug|Any CPU.Build.0 = Debug|Any CPU
		{3ABD0CE8-D3F2-4910-8760-593B1663CD41}.Debug|x64.ActiveCfg = Debug|Any CPU
		{3ABD0CE8-D3F2-4910-8760-593B1663CD41}.Debug|x64.Build.0 = Debug|Any CPU
		{3ABD0CE8-D3F2-4910-8760-593B1663CD41}.Debug|x86.ActiveCfg = Debug|Any CPU
		{3ABD0CE8-D3F2-4910-8760-593B1663CD41}.Debug|x86.Build.0 = Debug|Any CPU
		{3ABD0CE8-D3F2-4910-8760-593B1663CD41}.Release|Any CPU.ActiveCfg = Release|Any CPU
		{3ABD0CE8-D3F2-4910-8760-593B1663CD41}.Release|Any CPU.Build.0 = Release|Any CPU
		{3ABD0CE8-D3F2-4910-8760-593B1663CD41}.Release|x64.ActiveCfg = Release|Any CPU
		{3ABD0CE8-D3F2-4910-8760-593B1663CD41}.Release|x64.Build.0 = Release|Any CPU
		{3ABD0CE8-D3F2-4910-8760-593B1663CD41}.Release|x86.ActiveCfg = Release|Any CPU
		{3ABD0CE8-D3F2-4910-8760-593B1663CD41}.Release|x86.Build.0 = Release|Any CPU
		{7E27D233-017B-40B9-A7BD-BD5FDFED27F2}.Debug|Any CPU.ActiveCfg = Debug|Any CPU
		{7E27D233-017B-40B9-A7BD-BD5FDFED27F2}.Debug|Any CPU.Build.0 = Debug|Any CPU
		{7E27D233-017B-40B9-A7BD-BD5FDFED27F2}.Debug|x64.ActiveCfg = Debug|Any CPU
		{7E27D233-017B-40B9-A7BD-BD5FDFED27F2}.Debug|x64.Build.0 = Debug|Any CPU
		{7E27D233-017B-40B9-A7BD-BD5FDFED27F2}.Debug|x86.ActiveCfg = Debug|Any CPU
		{7E27D233-017B-40B9-A7BD-BD5FDFED27F2}.Debug|x86.Build.0 = Debug|Any CPU
		{7E27D233-017B-40B9-A7BD-BD5FDFED27F2}.Release|Any CPU.ActiveCfg = Release|Any CPU
		{7E27D233-017B-40B9-A7BD-BD5FDFED27F2}.Release|Any CPU.Build.0 = Release|Any CPU
		{7E27D233-017B-40B9-A7BD-BD5FDFED27F2}.Release|x64.ActiveCfg = Release|Any CPU
		{7E27D233-017B-40B9-A7BD-BD5FDFED27F2}.Release|x64.Build.0 = Release|Any CPU
		{7E27D233-017B-40B9-A7BD-BD5FDFED27F2}.Release|x86.ActiveCfg = Release|Any CPU
		{7E27D233-017B-40B9-A7BD-BD5FDFED27F2}.Release|x86.Build.0 = Release|Any CPU
		{6611DC8C-59DF-4A64-AA90-17D16CD6DF4C}.Debug|Any CPU.ActiveCfg = Debug|Any CPU
		{6611DC8C-59DF-4A64-AA90-17D16CD6DF4C}.Debug|Any CPU.Build.0 = Debug|Any CPU
		{6611DC8C-59DF-4A64-AA90-17D16CD6DF4C}.Debug|x64.ActiveCfg = Debug|Any CPU
		{6611DC8C-59DF-4A64-AA90-17D16CD6DF4C}.Debug|x64.Build.0 = Debug|Any CPU
		{6611DC8C-59DF-4A64-AA90-17D16CD6DF4C}.Debug|x86.ActiveCfg = Debug|Any CPU
		{6611DC8C-59DF-4A64-AA90-17D16CD6DF4C}.Debug|x86.Build.0 = Debug|Any CPU
		{6611DC8C-59DF-4A64-AA90-17D16CD6DF4C}.Release|Any CPU.ActiveCfg = Release|Any CPU
		{6611DC8C-59DF-4A64-AA90-17D16CD6DF4C}.Release|Any CPU.Build.0 = Release|Any CPU
		{6611DC8C-59DF-4A64-AA90-17D16CD6DF4C}.Release|x64.ActiveCfg = Release|Any CPU
		{6611DC8C-59DF-4A64-AA90-17D16CD6DF4C}.Release|x64.Build.0 = Release|Any CPU
		{6611DC8C-59DF-4A64-AA90-17D16CD6DF4C}.Release|x86.ActiveCfg = Release|Any CPU
		{6611DC8C-59DF-4A64-AA90-17D16CD6DF4C}.Release|x86.Build.0 = Release|Any CPU
		{76A32A16-1BF8-4103-91A1-21A174BAA585}.Debug|Any CPU.ActiveCfg = Debug|Any CPU
		{76A32A16-1BF8-4103-91A1-21A174BAA585}.Debug|Any CPU.Build.0 = Debug|Any CPU
		{76A32A16-1BF8-4103-91A1-21A174BAA585}.Debug|x64.ActiveCfg = Debug|Any CPU
		{76A32A16-1BF8-4103-91A1-21A174BAA585}.Debug|x64.Build.0 = Debug|Any CPU
		{76A32A16-1BF8-4103-91A1-21A174BAA585}.Debug|x86.ActiveCfg = Debug|Any CPU
		{76A32A16-1BF8-4103-91A1-21A174BAA585}.Debug|x86.Build.0 = Debug|Any CPU
		{76A32A16-1BF8-4103-91A1-21A174BAA585}.Release|Any CPU.ActiveCfg = Release|Any CPU
		{76A32A16-1BF8-4103-91A1-21A174BAA585}.Release|Any CPU.Build.0 = Release|Any CPU
		{76A32A16-1BF8-4103-91A1-21A174BAA585}.Release|x64.ActiveCfg = Release|Any CPU
		{76A32A16-1BF8-4103-91A1-21A174BAA585}.Release|x64.Build.0 = Release|Any CPU
		{76A32A16-1BF8-4103-91A1-21A174BAA585}.Release|x86.ActiveCfg = Release|Any CPU
		{76A32A16-1BF8-4103-91A1-21A174BAA585}.Release|x86.Build.0 = Release|Any CPU
		{59B50A25-0BFC-43B4-9A6E-A363AC6DFBAD}.Debug|Any CPU.ActiveCfg = Debug|Any CPU
		{59B50A25-0BFC-43B4-9A6E-A363AC6DFBAD}.Debug|Any CPU.Build.0 = Debug|Any CPU
		{59B50A25-0BFC-43B4-9A6E-A363AC6DFBAD}.Debug|x64.ActiveCfg = Debug|Any CPU
		{59B50A25-0BFC-43B4-9A6E-A363AC6DFBAD}.Debug|x64.Build.0 = Debug|Any CPU
		{59B50A25-0BFC-43B4-9A6E-A363AC6DFBAD}.Debug|x86.ActiveCfg = Debug|Any CPU
		{59B50A25-0BFC-43B4-9A6E-A363AC6DFBAD}.Debug|x86.Build.0 = Debug|Any CPU
		{59B50A25-0BFC-43B4-9A6E-A363AC6DFBAD}.Release|Any CPU.ActiveCfg = Release|Any CPU
		{59B50A25-0BFC-43B4-9A6E-A363AC6DFBAD}.Release|Any CPU.Build.0 = Release|Any CPU
		{59B50A25-0BFC-43B4-9A6E-A363AC6DFBAD}.Release|x64.ActiveCfg = Release|Any CPU
		{59B50A25-0BFC-43B4-9A6E-A363AC6DFBAD}.Release|x64.Build.0 = Release|Any CPU
		{59B50A25-0BFC-43B4-9A6E-A363AC6DFBAD}.Release|x86.ActiveCfg = Release|Any CPU
		{59B50A25-0BFC-43B4-9A6E-A363AC6DFBAD}.Release|x86.Build.0 = Release|Any CPU
		{FBAC07E1-F93F-4C2F-AD13-2D81B0397CFF}.Debug|Any CPU.ActiveCfg = Debug|Any CPU
		{FBAC07E1-F93F-4C2F-AD13-2D81B0397CFF}.Debug|Any CPU.Build.0 = Debug|Any CPU
		{FBAC07E1-F93F-4C2F-AD13-2D81B0397CFF}.Debug|x64.ActiveCfg = Debug|Any CPU
		{FBAC07E1-F93F-4C2F-AD13-2D81B0397CFF}.Debug|x64.Build.0 = Debug|Any CPU
		{FBAC07E1-F93F-4C2F-AD13-2D81B0397CFF}.Debug|x86.ActiveCfg = Debug|Any CPU
		{FBAC07E1-F93F-4C2F-AD13-2D81B0397CFF}.Debug|x86.Build.0 = Debug|Any CPU
		{FBAC07E1-F93F-4C2F-AD13-2D81B0397CFF}.Release|Any CPU.ActiveCfg = Release|Any CPU
		{FBAC07E1-F93F-4C2F-AD13-2D81B0397CFF}.Release|Any CPU.Build.0 = Release|Any CPU
		{FBAC07E1-F93F-4C2F-AD13-2D81B0397CFF}.Release|x64.ActiveCfg = Release|Any CPU
		{FBAC07E1-F93F-4C2F-AD13-2D81B0397CFF}.Release|x64.Build.0 = Release|Any CPU
		{FBAC07E1-F93F-4C2F-AD13-2D81B0397CFF}.Release|x86.ActiveCfg = Release|Any CPU
		{FBAC07E1-F93F-4C2F-AD13-2D81B0397CFF}.Release|x86.Build.0 = Release|Any CPU
		{DF18411C-613B-475F-901C-F339C23FA69D}.Debug|Any CPU.ActiveCfg = Debug|Any CPU
		{DF18411C-613B-475F-901C-F339C23FA69D}.Debug|Any CPU.Build.0 = Debug|Any CPU
		{DF18411C-613B-475F-901C-F339C23FA69D}.Debug|x64.ActiveCfg = Debug|Any CPU
		{DF18411C-613B-475F-901C-F339C23FA69D}.Debug|x64.Build.0 = Debug|Any CPU
		{DF18411C-613B-475F-901C-F339C23FA69D}.Debug|x86.ActiveCfg = Debug|Any CPU
		{DF18411C-613B-475F-901C-F339C23FA69D}.Debug|x86.Build.0 = Debug|Any CPU
		{DF18411C-613B-475F-901C-F339C23FA69D}.Release|Any CPU.ActiveCfg = Release|Any CPU
		{DF18411C-613B-475F-901C-F339C23FA69D}.Release|Any CPU.Build.0 = Release|Any CPU
		{DF18411C-613B-475F-901C-F339C23FA69D}.Release|x64.ActiveCfg = Release|Any CPU
		{DF18411C-613B-475F-901C-F339C23FA69D}.Release|x64.Build.0 = Release|Any CPU
		{DF18411C-613B-475F-901C-F339C23FA69D}.Release|x86.ActiveCfg = Release|Any CPU
		{DF18411C-613B-475F-901C-F339C23FA69D}.Release|x86.Build.0 = Release|Any CPU
		{A4ED5F5B-319A-4220-8514-AD9F149FD558}.Debug|Any CPU.ActiveCfg = Debug|x64
		{A4ED5F5B-319A-4220-8514-AD9F149FD558}.Debug|Any CPU.Build.0 = Debug|x64
		{A4ED5F5B-319A-4220-8514-AD9F149FD558}.Debug|x64.ActiveCfg = Debug|x64
		{A4ED5F5B-319A-4220-8514-AD9F149FD558}.Debug|x64.Build.0 = Debug|x64
		{A4ED5F5B-319A-4220-8514-AD9F149FD558}.Debug|x86.ActiveCfg = Debug|x64
		{A4ED5F5B-319A-4220-8514-AD9F149FD558}.Release|Any CPU.ActiveCfg = Release|x64
		{A4ED5F5B-319A-4220-8514-AD9F149FD558}.Release|Any CPU.Build.0 = Release|x64
		{A4ED5F5B-319A-4220-8514-AD9F149FD558}.Release|x64.ActiveCfg = Release|x64
		{A4ED5F5B-319A-4220-8514-AD9F149FD558}.Release|x64.Build.0 = Release|x64
		{A4ED5F5B-319A-4220-8514-AD9F149FD558}.Release|x86.ActiveCfg = Release|x64
		{DEC7115E-929A-4DBD-9CF8-30674533CE67}.Debug|Any CPU.ActiveCfg = Debug|Any CPU
		{DEC7115E-929A-4DBD-9CF8-30674533CE67}.Debug|Any CPU.Build.0 = Debug|Any CPU
		{DEC7115E-929A-4DBD-9CF8-30674533CE67}.Debug|x64.ActiveCfg = Debug|Any CPU
		{DEC7115E-929A-4DBD-9CF8-30674533CE67}.Debug|x64.Build.0 = Debug|Any CPU
		{DEC7115E-929A-4DBD-9CF8-30674533CE67}.Debug|x86.ActiveCfg = Debug|Any CPU
		{DEC7115E-929A-4DBD-9CF8-30674533CE67}.Debug|x86.Build.0 = Debug|Any CPU
		{DEC7115E-929A-4DBD-9CF8-30674533CE67}.Release|Any CPU.ActiveCfg = Release|Any CPU
		{DEC7115E-929A-4DBD-9CF8-30674533CE67}.Release|Any CPU.Build.0 = Release|Any CPU
		{DEC7115E-929A-4DBD-9CF8-30674533CE67}.Release|x64.ActiveCfg = Release|Any CPU
		{DEC7115E-929A-4DBD-9CF8-30674533CE67}.Release|x64.Build.0 = Release|Any CPU
		{DEC7115E-929A-4DBD-9CF8-30674533CE67}.Release|x86.ActiveCfg = Release|Any CPU
		{DEC7115E-929A-4DBD-9CF8-30674533CE67}.Release|x86.Build.0 = Release|Any CPU
		{49237902-A827-44B7-8330-9CB181D299E0}.Debug|Any CPU.ActiveCfg = Debug|Any CPU
		{49237902-A827-44B7-8330-9CB181D299E0}.Debug|Any CPU.Build.0 = Debug|Any CPU
		{49237902-A827-44B7-8330-9CB181D299E0}.Debug|x64.ActiveCfg = Debug|Any CPU
		{49237902-A827-44B7-8330-9CB181D299E0}.Debug|x64.Build.0 = Debug|Any CPU
		{49237902-A827-44B7-8330-9CB181D299E0}.Debug|x86.ActiveCfg = Debug|Any CPU
		{49237902-A827-44B7-8330-9CB181D299E0}.Debug|x86.Build.0 = Debug|Any CPU
		{49237902-A827-44B7-8330-9CB181D299E0}.Release|Any CPU.ActiveCfg = Release|Any CPU
		{49237902-A827-44B7-8330-9CB181D299E0}.Release|Any CPU.Build.0 = Release|Any CPU
		{49237902-A827-44B7-8330-9CB181D299E0}.Release|x64.ActiveCfg = Release|Any CPU
		{49237902-A827-44B7-8330-9CB181D299E0}.Release|x64.Build.0 = Release|Any CPU
		{49237902-A827-44B7-8330-9CB181D299E0}.Release|x86.ActiveCfg = Release|Any CPU
		{49237902-A827-44B7-8330-9CB181D299E0}.Release|x86.Build.0 = Release|Any CPU
		{B0F74590-4DC5-4260-BA10-92668436C27E}.Debug|Any CPU.ActiveCfg = Debug|Any CPU
		{B0F74590-4DC5-4260-BA10-92668436C27E}.Debug|Any CPU.Build.0 = Debug|Any CPU
		{B0F74590-4DC5-4260-BA10-92668436C27E}.Debug|x64.ActiveCfg = Debug|Any CPU
		{B0F74590-4DC5-4260-BA10-92668436C27E}.Debug|x64.Build.0 = Debug|Any CPU
		{B0F74590-4DC5-4260-BA10-92668436C27E}.Debug|x86.ActiveCfg = Debug|Any CPU
		{B0F74590-4DC5-4260-BA10-92668436C27E}.Debug|x86.Build.0 = Debug|Any CPU
		{B0F74590-4DC5-4260-BA10-92668436C27E}.Release|Any CPU.ActiveCfg = Release|Any CPU
		{B0F74590-4DC5-4260-BA10-92668436C27E}.Release|Any CPU.Build.0 = Release|Any CPU
		{B0F74590-4DC5-4260-BA10-92668436C27E}.Release|x64.ActiveCfg = Release|Any CPU
		{B0F74590-4DC5-4260-BA10-92668436C27E}.Release|x64.Build.0 = Release|Any CPU
		{B0F74590-4DC5-4260-BA10-92668436C27E}.Release|x86.ActiveCfg = Release|Any CPU
		{B0F74590-4DC5-4260-BA10-92668436C27E}.Release|x86.Build.0 = Release|Any CPU
		{23F7372C-3C99-4305-965A-B702E78A9CF1}.Debug|Any CPU.ActiveCfg = Debug|Any CPU
		{23F7372C-3C99-4305-965A-B702E78A9CF1}.Debug|Any CPU.Build.0 = Debug|Any CPU
		{23F7372C-3C99-4305-965A-B702E78A9CF1}.Debug|x64.ActiveCfg = Debug|Any CPU
		{23F7372C-3C99-4305-965A-B702E78A9CF1}.Debug|x64.Build.0 = Debug|Any CPU
		{23F7372C-3C99-4305-965A-B702E78A9CF1}.Debug|x86.ActiveCfg = Debug|Any CPU
		{23F7372C-3C99-4305-965A-B702E78A9CF1}.Debug|x86.Build.0 = Debug|Any CPU
		{23F7372C-3C99-4305-965A-B702E78A9CF1}.Release|Any CPU.ActiveCfg = Release|Any CPU
		{23F7372C-3C99-4305-965A-B702E78A9CF1}.Release|Any CPU.Build.0 = Release|Any CPU
		{23F7372C-3C99-4305-965A-B702E78A9CF1}.Release|x64.ActiveCfg = Release|Any CPU
		{23F7372C-3C99-4305-965A-B702E78A9CF1}.Release|x64.Build.0 = Release|Any CPU
		{23F7372C-3C99-4305-965A-B702E78A9CF1}.Release|x86.ActiveCfg = Release|Any CPU
		{23F7372C-3C99-4305-965A-B702E78A9CF1}.Release|x86.Build.0 = Release|Any CPU
		{CE99095E-6494-4A7D-81F0-44B9CB1889AE}.Debug|Any CPU.ActiveCfg = Debug|x64
		{CE99095E-6494-4A7D-81F0-44B9CB1889AE}.Debug|Any CPU.Build.0 = Debug|x64
		{CE99095E-6494-4A7D-81F0-44B9CB1889AE}.Debug|x64.ActiveCfg = Debug|x64
		{CE99095E-6494-4A7D-81F0-44B9CB1889AE}.Debug|x64.Build.0 = Debug|x64
		{CE99095E-6494-4A7D-81F0-44B9CB1889AE}.Debug|x86.ActiveCfg = Debug|x64
		{CE99095E-6494-4A7D-81F0-44B9CB1889AE}.Release|Any CPU.ActiveCfg = Release|x64
		{CE99095E-6494-4A7D-81F0-44B9CB1889AE}.Release|Any CPU.Build.0 = Release|x64
		{CE99095E-6494-4A7D-81F0-44B9CB1889AE}.Release|x64.ActiveCfg = Release|x64
		{CE99095E-6494-4A7D-81F0-44B9CB1889AE}.Release|x64.Build.0 = Release|x64
		{CE99095E-6494-4A7D-81F0-44B9CB1889AE}.Release|x86.ActiveCfg = Release|x64
		{C876872C-B2D0-4B32-95F4-DC7B04DE5635}.Debug|Any CPU.ActiveCfg = Debug|Any CPU
		{C876872C-B2D0-4B32-95F4-DC7B04DE5635}.Debug|Any CPU.Build.0 = Debug|Any CPU
		{C876872C-B2D0-4B32-95F4-DC7B04DE5635}.Debug|x64.ActiveCfg = Debug|Any CPU
		{C876872C-B2D0-4B32-95F4-DC7B04DE5635}.Debug|x64.Build.0 = Debug|Any CPU
		{C876872C-B2D0-4B32-95F4-DC7B04DE5635}.Debug|x86.ActiveCfg = Debug|Any CPU
		{C876872C-B2D0-4B32-95F4-DC7B04DE5635}.Debug|x86.Build.0 = Debug|Any CPU
		{C876872C-B2D0-4B32-95F4-DC7B04DE5635}.Release|Any CPU.ActiveCfg = Release|Any CPU
		{C876872C-B2D0-4B32-95F4-DC7B04DE5635}.Release|Any CPU.Build.0 = Release|Any CPU
		{C876872C-B2D0-4B32-95F4-DC7B04DE5635}.Release|x64.ActiveCfg = Release|Any CPU
		{C876872C-B2D0-4B32-95F4-DC7B04DE5635}.Release|x64.Build.0 = Release|Any CPU
		{C876872C-B2D0-4B32-95F4-DC7B04DE5635}.Release|x86.ActiveCfg = Release|Any CPU
		{C876872C-B2D0-4B32-95F4-DC7B04DE5635}.Release|x86.Build.0 = Release|Any CPU
	EndGlobalSection
	GlobalSection(SolutionProperties) = preSolution
		HideSolutionNode = FALSE
	EndGlobalSection
	GlobalSection(NestedProjects) = preSolution
		{F2BD313D-D540-4511-81BC-801C86196BBD} = {A3EEF00F-6B23-4623-8595-A1A109282E11}
		{AC1D4F98-BB29-48D2-B8BB-4EC1F60B13A3} = {A3EEF00F-6B23-4623-8595-A1A109282E11}
		{64517912-3F87-47D2-8291-5439DA64DA70} = {86F9C68B-A918-4873-80B7-973EF0409F97}
		{BCEA874B-8F16-42F4-8E18-0207FF58330B} = {86F9C68B-A918-4873-80B7-973EF0409F97}
		{96141702-A75C-4380-A46C-6C950AD696F8} = {86F9C68B-A918-4873-80B7-973EF0409F97}
		{08CB208D-8718-459D-A139-6ED1D387D1FE} = {86F9C68B-A918-4873-80B7-973EF0409F97}
		{F47A95F5-0E08-4B41-9852-8AB0A87ACCE3} = {86F9C68B-A918-4873-80B7-973EF0409F97}
		{DEC27DDC-0842-4861-A820-E483482C662D} = {86F9C68B-A918-4873-80B7-973EF0409F97}
		{4C73D0C2-F571-4A34-9067-406B6F0C21D8} = {56E62AD0-F48D-40DA-95F2-076353DEB4F8}
		{0708BF34-814F-4FD9-9AFD-98A6FC89D42E} = {D9DDC52C-CD3C-4D3E-9A8A-B4BD51B6D918}
		{50AAAD3E-DC09-46DE-ABC3-6D895DFC92F8} = {D9DDC52C-CD3C-4D3E-9A8A-B4BD51B6D918}
		{85D015B8-71A0-4323-AB48-92785DEA59FC} = {D9DDC52C-CD3C-4D3E-9A8A-B4BD51B6D918}
		{0B9C49B7-28C8-4DAE-8477-43629ECB6BE7} = {D9DDC52C-CD3C-4D3E-9A8A-B4BD51B6D918}
		{7E8AA9B0-3CB6-44C0-B424-6CABA0BA4EC7} = {D9DDC52C-CD3C-4D3E-9A8A-B4BD51B6D918}
		{384CB7B4-4A62-4E38-A635-FEF9F2EF12B2} = {56E62AD0-F48D-40DA-95F2-076353DEB4F8}
		{A7C3E9F1-5B2D-4A6E-8F73-1D9C6B4E2A85} = {D9DDC52C-CD3C-4D3E-9A8A-B4BD51B6D918}
		{D3F8A1B4-6C29-4E9A-9E02-7F1A5D8C3B4A} = {D9DDC52C-CD3C-4D3E-9A8A-B4BD51B6D918}
		{31DBD1DB-312C-45CA-A577-606690B37E91} = {D9DDC52C-CD3C-4D3E-9A8A-B4BD51B6D918}
		{AC097FD4-BE2E-4DF1-BD05-35A3A8F87AED} = {86F9C68B-A918-4873-80B7-973EF0409F97}
		{8DE2801B-BE40-963B-114B-4AFC35B22FC9} = {86F9C68B-A918-4873-80B7-973EF0409F97}
		{C0E4C671-9C1A-4196-A92F-122D54E191E6} = {86F9C68B-A918-4873-80B7-973EF0409F97}
		{EDD54361-39A9-2952-0D83-8BCFA75BC668} = {86F9C68B-A918-4873-80B7-973EF0409F97}
		{37B4DBEE-AAEC-D233-52F3-B7B327C5B42B} = {86F9C68B-A918-4873-80B7-973EF0409F97}
		{9C0DC118-06BA-48CB-8E32-D8A5CB98E1C3} = {86F9C68B-A918-4873-80B7-973EF0409F97}
		{43715A0A-EA28-8094-20F1-0F094B134F08} = {86F9C68B-A918-4873-80B7-973EF0409F97}
		{7D70C571-2BCC-4D35-A205-8DE6A46A1CE5} = {56E62AD0-F48D-40DA-95F2-076353DEB4F8}
		{5772CD82-C4BD-401B-BCC8-B207A1D394D2} = {D9DDC52C-CD3C-4D3E-9A8A-B4BD51B6D918}
		{E0C82D84-8417-40B3-9EE1-94707F4C7D56} = {86F9C68B-A918-4873-80B7-973EF0409F97}
		{4D9E2AF4-2913-49CE-B886-B74618E4BD06} = {86F9C68B-A918-4873-80B7-973EF0409F97}
		{B3A5C1D2-6E47-4F08-9B1A-3C2D7E8F4A61} = {A3EEF00F-6B23-4623-8595-A1A109282E11}
		{FA144569-5C77-45E5-9EBC-806471A5E86B} = {86F9C68B-A918-4873-80B7-973EF0409F97}
		{32B76F71-A0AC-48A4-815D-1F25478AF571} = {07C2787E-EAC7-C090-1BA3-A61EC2A24D84}
		{EBE950D4-9983-42B5-B7B3-138AE0CCEFCB} = {86F9C68B-A918-4873-80B7-973EF0409F97}
		{3ABD0CE8-D3F2-4910-8760-593B1663CD41} = {86F9C68B-A918-4873-80B7-973EF0409F97}
		{7E27D233-017B-40B9-A7BD-BD5FDFED27F2} = {86F9C68B-A918-4873-80B7-973EF0409F97}
		{6611DC8C-59DF-4A64-AA90-17D16CD6DF4C} = {86F9C68B-A918-4873-80B7-973EF0409F97}
		{76A32A16-1BF8-4103-91A1-21A174BAA585} = {86F9C68B-A918-4873-80B7-973EF0409F97}
		{59B50A25-0BFC-43B4-9A6E-A363AC6DFBAD} = {86F9C68B-A918-4873-80B7-973EF0409F97}
		{FBAC07E1-F93F-4C2F-AD13-2D81B0397CFF} = {86F9C68B-A918-4873-80B7-973EF0409F97}
		{DF18411C-613B-475F-901C-F339C23FA69D} = {86F9C68B-A918-4873-80B7-973EF0409F97}
		{A4ED5F5B-319A-4220-8514-AD9F149FD558} = {D9DDC52C-CD3C-4D3E-9A8A-B4BD51B6D918}
		{DEC7115E-929A-4DBD-9CF8-30674533CE67} = {86F9C68B-A918-4873-80B7-973EF0409F97}
		{49237902-A827-44B7-8330-9CB181D299E0} = {86F9C68B-A918-4873-80B7-973EF0409F97}
		{B0F74590-4DC5-4260-BA10-92668436C27E} = {86F9C68B-A918-4873-80B7-973EF0409F97}
		{23F7372C-3C99-4305-965A-B702E78A9CF1} = {86F9C68B-A918-4873-80B7-973EF0409F97}
		{CE99095E-6494-4A7D-81F0-44B9CB1889AE} = {D9DDC52C-CD3C-4D3E-9A8A-B4BD51B6D918}
		{C876872C-B2D0-4B32-95F4-DC7B04DE5635} = {07C2787E-EAC7-C090-1BA3-A61EC2A24D84}
	EndGlobalSection
	GlobalSection(ExtensibilityGlobals) = postSolution
		SolutionGuid = {C6909B26-71E9-46F1-A575-81A2F94AC431}
	EndGlobalSection
EndGlobal
