<?xml version="1.0" encoding="utf-8"?>
<Project ToolsVersion="4.0" xmlns="http://schemas.microsoft.com/developer/msbuild/2003">
  <ItemGroup>
    <Filter Include="Source Files">
      <UniqueIdentifier>{4FC737F1-C7A5-4376-A066-2A32D752A2FF}</UniqueIdentifier>
      <Extensions>cpp;c;cc;cxx;c++;cppm;ixx;def;odl;idl;hpj;bat;asm;asmx</Extensions>
    </Filter>
    <Filter Include="Header Files">
      <UniqueIdentifier>{93995380-89BD-4b04-88EB-625FBE52EBFB}</UniqueIdentifier>
      <Extensions>h;hh;hpp;hxx;h++;hm;inl;inc;ipp;xsd</Extensions>
    </Filter>
    <Filter Include="Resource Files">
      <UniqueIdentifier>{67DA6AB6-F800-4c08-8B7A-83BB121AAD01}</UniqueIdentifier>
      <Extensions>rc;ico;cur;bmp;dlg;rc2;rct;bin;rgs;gif;jpg;jpeg;jpe;resx;tiff;tif;png;wav;mfcribbon-ms</Extensions>
    </Filter>
    <Filter Include="Source Files\Dear-ImGui">
      <UniqueIdentifier>{85109f78-10f0-48f2-bae3-0d9b22640ef6}</UniqueIdentifier>
    </Filter>
    <Filter Include="Source Files\Yu-Gi-Oh-Ex">
      <UniqueIdentifier>{1a553dbf-e05c-4e3a-a5a7-4612dc8efcee}</UniqueIdentifier>
    </Filter>
    <Filter Include="Source Files\Plugins">
      <UniqueIdentifier>{b63f662f-f786-4503-bb0b-9841c12f3d33}</UniqueIdentifier>
    </Filter>
    <Filter Include="Header Files\Dear-ImGui">
      <UniqueIdentifier>{bdbc3af1-a197-4453-8132-8e8244a71f47}</UniqueIdentifier>
    </Filter>
    <Filter Include="Header Files\Plugins">
      <UniqueIdentifier>{8a291776-37b9-4fcf-9275-154dfa4eca3a}</UniqueIdentifier>
    </Filter>
  </ItemGroup>
  <ItemGroup>
    <ClCompile Include="dllmain.cpp">
      <Filter>Source Files</Filter>
    </ClCompile>
    <ClCompile Include="..\Dependencies\Dear ImGui\imgui.cpp">
      <Filter>Source Files\Dear-ImGui</Filter>
    </ClCompile>
    <ClCompile Include="..\Dependencies\Dear ImGui\imgui_demo.cpp">
      <Filter>Source Files\Dear-ImGui</Filter>
    </ClCompile>
    <ClCompile Include="..\Dependencies\Dear ImGui\imgui_draw.cpp">
      <Filter>Source Files\Dear-ImGui</Filter>
    </ClCompile>
    <ClCompile Include="..\Dependencies\Dear ImGui\imgui_impl_dx11.cpp">
      <Filter>Source Files\Dear-ImGui</Filter>
    </ClCompile>
    <ClCompile Include="..\Dependencies\Dear ImGui\imgui_impl_win32.cpp">
      <Filter>Source Files\Dear-ImGui</Filter>
    </ClCompile>
    <ClCompile Include="..\Dependencies\Dear ImGui\imgui_tables.cpp">
      <Filter>Source Files\Dear-ImGui</Filter>
    </ClCompile>
    <ClCompile Include="..\Dependencies\Dear ImGui\imgui_widgets.cpp">
      <Filter>Source Files\Dear-ImGui</Filter>
    </ClCompile>
    <ClCompile Include="..\Dependencies\Yu-Gi-Oh-Ex\Yu-Gi-Oh-Ex.cpp">
      <Filter>Source Files\Yu-Gi-Oh-Ex</Filter>
    </ClCompile>
    <ClCompile Include="Plugins.cpp">
      <Filter>Source Files\Plugins</Filter>
    </ClCompile>
  </ItemGroup>
  <ItemGroup>
    <None Include="Yu-Gi-Oh.def">
      <Filter>Source Files</Filter>
    </None>
  </ItemGroup>
  <ItemGroup>
    <ClInclude Include="..\Dependencies\Yu-Gi-Oh-Ex\Yu-Gi-Oh-Ex.h">
      <Filter>Header Files</Filter>
    </ClInclude>
    <ClInclude Include="..\Dependencies\Yu-Gi-Oh-Ex\Cards.h">
      <Filter>Header Files</Filter>
    </ClInclude>
    <ClInclude Include="..\Dependencies\Dear ImGui\imconfig.h">
      <Filter>Header Files\Dear-ImGui</Filter>
    </ClInclude>
    <ClInclude Include="..\Dependencies\Dear ImGui\imgui.h">
      <Filter>Header Files\Dear-ImGui</Filter>
    </ClInclude>
    <ClInclude Include="..\Dependencies\Dear ImGui\imgui_impl_dx11.h">
      <Filter>Header Files\Dear-ImGui</Filter>
    </ClInclude>
    <ClInclude Include="..\Dependencies\Dear ImGui\imgui_impl_win32.h">
      <Filter>Header Files\Dear-ImGui</Filter>
    </ClInclude>
    <ClInclude Include="..\Dependencies\Dear ImGui\imgui_internal.h">
      <Filter>Header Files\Dear-ImGui</Filter>
    </ClInclude>
    <ClInclude Include="..\Dependencies\Dear ImGui\imstb_rectpack.h">
      <Filter>Header Files\Dear-ImGui</Filter>
    </ClInclude>
    <ClInclude Include="..\Dependencies\Dear ImGui\imstb_textedit.h">
      <Filter>Header Files\Dear-ImGui</Filter>
    </ClInclude>
    <ClInclude Include="..\Dependencies\Dear ImGui\imstb_truetype.h">
      <Filter>Header Files\Dear-ImGui</Filter>
    </ClInclude>
    <ClInclude Include="Plugins.h">
      <Filter>Header Files\Plugins</Filter>
    </ClInclude>
  </ItemGroup>
  <ItemGroup>
    <Text Include="..\Dependencies\Dear ImGui\LICENSE.txt" />
  </ItemGroup>
</Project>